// !$*UTF8*$!
{
	archiveVersion = 1;
	classes = {
	};
	objectVersion = 56;
	objects = {

/* Begin PBXBuildFile section */
		0C77CFF22C2A9BAB0031AD98 /* unifest_ios2App.swift in Sources */ = {isa = PBXBuildFile; fileRef = 0C77CFF12C2A9BAB0031AD98 /* unifest_ios2App.swift */; };
		0C77CFF42C2A9BAB0031AD98 /* ContentView.swift in Sources */ = {isa = PBXBuildFile; fileRef = 0C77CFF32C2A9BAB0031AD98 /* ContentView.swift */; };
		0C77CFF62C2A9BAD0031AD98 /* Assets.xcassets in Resources */ = {isa = PBXBuildFile; fileRef = 0C77CFF52C2A9BAD0031AD98 /* Assets.xcassets */; };
		0C77CFF92C2A9BAD0031AD98 /* Preview Assets.xcassets in Resources */ = {isa = PBXBuildFile; fileRef = 0C77CFF82C2A9BAD0031AD98 /* Preview Assets.xcassets */; };
		0CB9F3262C2AA6D200BD5CC9 /* NetworkManager.swift in Sources */ = {isa = PBXBuildFile; fileRef = 0CB9F3252C2AA6D200BD5CC9 /* NetworkManager.swift */; };
		0CB9F3282C2AA77B00BD5CC9 /* APIManager.swift in Sources */ = {isa = PBXBuildFile; fileRef = 0CB9F3272C2AA77B00BD5CC9 /* APIManager.swift */; };
		0CB9F32A2C2AA7A900BD5CC9 /* UserDataManager.swift in Sources */ = {isa = PBXBuildFile; fileRef = 0CB9F3292C2AA7A900BD5CC9 /* UserDataManager.swift */; };
		0CB9F32C2C2AA7C900BD5CC9 /* ThemeManager.swift in Sources */ = {isa = PBXBuildFile; fileRef = 0CB9F32B2C2AA7C900BD5CC9 /* ThemeManager.swift */; };
/* End PBXBuildFile section */

/* Begin PBXFileReference section */
		0C77CFEE2C2A9BAB0031AD98 /* unifest-ios2.app */ = {isa = PBXFileReference; explicitFileType = wrapper.application; includeInIndex = 0; path = "unifest-ios2.app"; sourceTree = BUILT_PRODUCTS_DIR; };
		0C77CFF12C2A9BAB0031AD98 /* unifest_ios2App.swift */ = {isa = PBXFileReference; lastKnownFileType = sourcecode.swift; path = unifest_ios2App.swift; sourceTree = "<group>"; };
		0C77CFF32C2A9BAB0031AD98 /* ContentView.swift */ = {isa = PBXFileReference; lastKnownFileType = sourcecode.swift; path = ContentView.swift; sourceTree = "<group>"; };
		0C77CFF52C2A9BAD0031AD98 /* Assets.xcassets */ = {isa = PBXFileReference; lastKnownFileType = folder.assetcatalog; path = Assets.xcassets; sourceTree = "<group>"; };
		0C77CFF82C2A9BAD0031AD98 /* Preview Assets.xcassets */ = {isa = PBXFileReference; lastKnownFileType = folder.assetcatalog; path = "Preview Assets.xcassets"; sourceTree = "<group>"; };
		0CB9F3222C2AA24900BD5CC9 /* Info.plist */ = {isa = PBXFileReference; lastKnownFileType = text.plist; path = Info.plist; sourceTree = "<group>"; };
		0CB9F3252C2AA6D200BD5CC9 /* NetworkManager.swift */ = {isa = PBXFileReference; lastKnownFileType = sourcecode.swift; path = NetworkManager.swift; sourceTree = "<group>"; };
		0CB9F3272C2AA77B00BD5CC9 /* APIManager.swift */ = {isa = PBXFileReference; lastKnownFileType = sourcecode.swift; path = APIManager.swift; sourceTree = "<group>"; };
		0CB9F3292C2AA7A900BD5CC9 /* UserDataManager.swift */ = {isa = PBXFileReference; lastKnownFileType = sourcecode.swift; path = UserDataManager.swift; sourceTree = "<group>"; };
		0CB9F32B2C2AA7C900BD5CC9 /* ThemeManager.swift */ = {isa = PBXFileReference; lastKnownFileType = sourcecode.swift; path = ThemeManager.swift; sourceTree = "<group>"; };
/* End PBXFileReference section */

/* Begin PBXFrameworksBuildPhase section */
		0C77CFEB2C2A9BAB0031AD98 /* Frameworks */ = {
			isa = PBXFrameworksBuildPhase;
			buildActionMask = 2147483647;
			files = (
			);
			runOnlyForDeploymentPostprocessing = 0;
		};
/* End PBXFrameworksBuildPhase section */

/* Begin PBXGroup section */
		0C77CFE52C2A9BAB0031AD98 = {
			isa = PBXGroup;
			children = (
				0C77CFF02C2A9BAB0031AD98 /* unifest-ios2 */,
				0C77CFEF2C2A9BAB0031AD98 /* Products */,
			);
			sourceTree = "<group>";
		};
		0C77CFEF2C2A9BAB0031AD98 /* Products */ = {
			isa = PBXGroup;
			children = (
				0C77CFEE2C2A9BAB0031AD98 /* unifest-ios2.app */,
			);
			name = Products;
			sourceTree = "<group>";
		};
		0C77CFF02C2A9BAB0031AD98 /* unifest-ios2 */ = {
			isa = PBXGroup;
			children = (
				0CB9F3232C2AA6C100BD5CC9 /* Extensions */,
				0CB9F3222C2AA24900BD5CC9 /* Info.plist */,
				0C77CFF12C2A9BAB0031AD98 /* unifest_ios2App.swift */,
				0C77CFF32C2A9BAB0031AD98 /* ContentView.swift */,
				0C77CFF52C2A9BAD0031AD98 /* Assets.xcassets */,
				0C77CFF72C2A9BAD0031AD98 /* Preview Content */,
			);
			path = "unifest-ios2";
			sourceTree = "<group>";
		};
		0C77CFF72C2A9BAD0031AD98 /* Preview Content */ = {
			isa = PBXGroup;
			children = (
				0C77CFF82C2A9BAD0031AD98 /* Preview Assets.xcassets */,
			);
			path = "Preview Content";
			sourceTree = "<group>";
		};
		0CB9F3232C2AA6C100BD5CC9 /* Extensions */ = {
			isa = PBXGroup;
			children = (
				0CB9F3242C2AA6C700BD5CC9 /* Managers */,
			);
			path = Extensions;
			sourceTree = "<group>";
		};
		0CB9F3242C2AA6C700BD5CC9 /* Managers */ = {
			isa = PBXGroup;
			children = (
				0CB9F3252C2AA6D200BD5CC9 /* NetworkManager.swift */,
				0CB9F3272C2AA77B00BD5CC9 /* APIManager.swift */,
				0CB9F3292C2AA7A900BD5CC9 /* UserDataManager.swift */,
				0CB9F32B2C2AA7C900BD5CC9 /* ThemeManager.swift */,
			);
			path = Managers;
			sourceTree = "<group>";
		};
/* End PBXGroup section */

/* Begin PBXNativeTarget section */
		0C77CFED2C2A9BAB0031AD98 /* unifest-ios2 */ = {
			isa = PBXNativeTarget;
			buildConfigurationList = 0C77CFFC2C2A9BAD0031AD98 /* Build configuration list for PBXNativeTarget "unifest-ios2" */;
			buildPhases = (
				0C77CFEA2C2A9BAB0031AD98 /* Sources */,
				0C77CFEB2C2A9BAB0031AD98 /* Frameworks */,
				0C77CFEC2C2A9BAB0031AD98 /* Resources */,
			);
			buildRules = (
			);
			dependencies = (
			);
			name = "unifest-ios2";
			productName = "unifest-ios2";
			productReference = 0C77CFEE2C2A9BAB0031AD98 /* unifest-ios2.app */;
			productType = "com.apple.product-type.application";
		};
/* End PBXNativeTarget section */

/* Begin PBXProject section */
		0C77CFE62C2A9BAB0031AD98 /* Project object */ = {
			isa = PBXProject;
			attributes = {
				BuildIndependentTargetsInParallel = 1;
				LastSwiftUpdateCheck = 1540;
				LastUpgradeCheck = 1540;
				TargetAttributes = {
					0C77CFED2C2A9BAB0031AD98 = {
						CreatedOnToolsVersion = 15.4;
					};
				};
			};
			buildConfigurationList = 0C77CFE92C2A9BAB0031AD98 /* Build configuration list for PBXProject "unifest-ios2" */;
			compatibilityVersion = "Xcode 14.0";
			developmentRegion = en;
			hasScannedForEncodings = 0;
			knownRegions = (
				en,
				Base,
			);
			mainGroup = 0C77CFE52C2A9BAB0031AD98;
			productRefGroup = 0C77CFEF2C2A9BAB0031AD98 /* Products */;
			projectDirPath = "";
			projectRoot = "";
			targets = (
				0C77CFED2C2A9BAB0031AD98 /* unifest-ios2 */,
			);
		};
/* End PBXProject section */

/* Begin PBXResourcesBuildPhase section */
		0C77CFEC2C2A9BAB0031AD98 /* Resources */ = {
			isa = PBXResourcesBuildPhase;
			buildActionMask = 2147483647;
			files = (
				0C77CFF92C2A9BAD0031AD98 /* Preview Assets.xcassets in Resources */,
				0C77CFF62C2A9BAD0031AD98 /* Assets.xcassets in Resources */,
			);
			runOnlyForDeploymentPostprocessing = 0;
		};
/* End PBXResourcesBuildPhase section */

/* Begin PBXSourcesBuildPhase section */
		0C77CFEA2C2A9BAB0031AD98 /* Sources */ = {
			isa = PBXSourcesBuildPhase;
			buildActionMask = 2147483647;
			files = (
				0CB9F3282C2AA77B00BD5CC9 /* APIManager.swift in Sources */,
				0CB9F3262C2AA6D200BD5CC9 /* NetworkManager.swift in Sources */,
				0CB9F32A2C2AA7A900BD5CC9 /* UserDataManager.swift in Sources */,
				0C77CFF42C2A9BAB0031AD98 /* ContentView.swift in Sources */,
				0C77CFF22C2A9BAB0031AD98 /* unifest_ios2App.swift in Sources */,
				0CB9F32C2C2AA7C900BD5CC9 /* ThemeManager.swift in Sources */,
			);
			runOnlyForDeploymentPostprocessing = 0;
		};
/* End PBXSourcesBuildPhase section */

/* Begin XCBuildConfiguration section */
		0C77CFFA2C2A9BAD0031AD98 /* Debug */ = {
			isa = XCBuildConfiguration;
			buildSettings = {
				ALWAYS_SEARCH_USER_PATHS = NO;
				ASSETCATALOG_COMPILER_GENERATE_SWIFT_ASSET_SYMBOL_EXTENSIONS = YES;
				CLANG_ANALYZER_NONNULL = YES;
				CLANG_ANALYZER_NUMBER_OBJECT_CONVERSION = YES_AGGRESSIVE;
				CLANG_CXX_LANGUAGE_STANDARD = "gnu++20";
				CLANG_ENABLE_MODULES = YES;
				CLANG_ENABLE_OBJC_ARC = YES;
				CLANG_ENABLE_OBJC_WEAK = YES;
				CLANG_WARN_BLOCK_CAPTURE_AUTORELEASING = YES;
				CLANG_WARN_BOOL_CONVERSION = YES;
				CLANG_WARN_COMMA = YES;
				CLANG_WARN_CONSTANT_CONVERSION = YES;
				CLANG_WARN_DEPRECATED_OBJC_IMPLEMENTATIONS = YES;
				CLANG_WARN_DIRECT_OBJC_ISA_USAGE = YES_ERROR;
				CLANG_WARN_DOCUMENTATION_COMMENTS = YES;
				CLANG_WARN_EMPTY_BODY = YES;
				CLANG_WARN_ENUM_CONVERSION = YES;
				CLANG_WARN_INFINITE_RECURSION = YES;
				CLANG_WARN_INT_CONVERSION = YES;
				CLANG_WARN_NON_LITERAL_NULL_CONVERSION = YES;
				CLANG_WARN_OBJC_IMPLICIT_RETAIN_SELF = YES;
				CLANG_WARN_OBJC_LITERAL_CONVERSION = YES;
				CLANG_WARN_OBJC_ROOT_CLASS = YES_ERROR;
				CLANG_WARN_QUOTED_INCLUDE_IN_FRAMEWORK_HEADER = YES;
				CLANG_WARN_RANGE_LOOP_ANALYSIS = YES;
				CLANG_WARN_STRICT_PROTOTYPES = YES;
				CLANG_WARN_SUSPICIOUS_MOVE = YES;
				CLANG_WARN_UNGUARDED_AVAILABILITY = YES_AGGRESSIVE;
				CLANG_WARN_UNREACHABLE_CODE = YES;
				CLANG_WARN__DUPLICATE_METHOD_MATCH = YES;
				COPY_PHASE_STRIP = NO;
				DEBUG_INFORMATION_FORMAT = dwarf;
				ENABLE_STRICT_OBJC_MSGSEND = YES;
				ENABLE_TESTABILITY = YES;
				ENABLE_USER_SCRIPT_SANDBOXING = YES;
				GCC_C_LANGUAGE_STANDARD = gnu17;
				GCC_DYNAMIC_NO_PIC = NO;
				GCC_NO_COMMON_BLOCKS = YES;
				GCC_OPTIMIZATION_LEVEL = 0;
				GCC_PREPROCESSOR_DEFINITIONS = (
					"DEBUG=1",
					"$(inherited)",
				);
				GCC_WARN_64_TO_32_BIT_CONVERSION = YES;
				GCC_WARN_ABOUT_RETURN_TYPE = YES_ERROR;
				GCC_WARN_UNDECLARED_SELECTOR = YES;
				GCC_WARN_UNINITIALIZED_AUTOS = YES_AGGRESSIVE;
				GCC_WARN_UNUSED_FUNCTION = YES;
				GCC_WARN_UNUSED_VARIABLE = YES;
				IPHONEOS_DEPLOYMENT_TARGET = 17.5;
				LOCALIZATION_PREFERS_STRING_CATALOGS = YES;
				MTL_ENABLE_DEBUG_INFO = INCLUDE_SOURCE;
				MTL_FAST_MATH = YES;
				ONLY_ACTIVE_ARCH = YES;
				SDKROOT = iphoneos;
				SWIFT_ACTIVE_COMPILATION_CONDITIONS = "DEBUG $(inherited)";
				SWIFT_OPTIMIZATION_LEVEL = "-Onone";
			};
			name = Debug;
		};
		0C77CFFB2C2A9BAD0031AD98 /* Release */ = {
			isa = XCBuildConfiguration;
			buildSettings = {
				ALWAYS_SEARCH_USER_PATHS = NO;
				ASSETCATALOG_COMPILER_GENERATE_SWIFT_ASSET_SYMBOL_EXTENSIONS = YES;
				CLANG_ANALYZER_NONNULL = YES;
				CLANG_ANALYZER_NUMBER_OBJECT_CONVERSION = YES_AGGRESSIVE;
				CLANG_CXX_LANGUAGE_STANDARD = "gnu++20";
				CLANG_ENABLE_MODULES = YES;
				CLANG_ENABLE_OBJC_ARC = YES;
				CLANG_ENABLE_OBJC_WEAK = YES;
				CLANG_WARN_BLOCK_CAPTURE_AUTORELEASING = YES;
				CLANG_WARN_BOOL_CONVERSION = YES;
				CLANG_WARN_COMMA = YES;
				CLANG_WARN_CONSTANT_CONVERSION = YES;
				CLANG_WARN_DEPRECATED_OBJC_IMPLEMENTATIONS = YES;
				CLANG_WARN_DIRECT_OBJC_ISA_USAGE = YES_ERROR;
				CLANG_WARN_DOCUMENTATION_COMMENTS = YES;
				CLANG_WARN_EMPTY_BODY = YES;
				CLANG_WARN_ENUM_CONVERSION = YES;
				CLANG_WARN_INFINITE_RECURSION = YES;
				CLANG_WARN_INT_CONVERSION = YES;
				CLANG_WARN_NON_LITERAL_NULL_CONVERSION = YES;
				CLANG_WARN_OBJC_IMPLICIT_RETAIN_SELF = YES;
				CLANG_WARN_OBJC_LITERAL_CONVERSION = YES;
				CLANG_WARN_OBJC_ROOT_CLASS = YES_ERROR;
				CLANG_WARN_QUOTED_INCLUDE_IN_FRAMEWORK_HEADER = YES;
				CLANG_WARN_RANGE_LOOP_ANALYSIS = YES;
				CLANG_WARN_STRICT_PROTOTYPES = YES;
				CLANG_WARN_SUSPICIOUS_MOVE = YES;
				CLANG_WARN_UNGUARDED_AVAILABILITY = YES_AGGRESSIVE;
				CLANG_WARN_UNREACHABLE_CODE = YES;
				CLANG_WARN__DUPLICATE_METHOD_MATCH = YES;
				COPY_PHASE_STRIP = NO;
				DEBUG_INFORMATION_FORMAT = "dwarf-with-dsym";
				ENABLE_NS_ASSERTIONS = NO;
				ENABLE_STRICT_OBJC_MSGSEND = YES;
				ENABLE_USER_SCRIPT_SANDBOXING = YES;
				GCC_C_LANGUAGE_STANDARD = gnu17;
				GCC_NO_COMMON_BLOCKS = YES;
				GCC_WARN_64_TO_32_BIT_CONVERSION = YES;
				GCC_WARN_ABOUT_RETURN_TYPE = YES_ERROR;
				GCC_WARN_UNDECLARED_SELECTOR = YES;
				GCC_WARN_UNINITIALIZED_AUTOS = YES_AGGRESSIVE;
				GCC_WARN_UNUSED_FUNCTION = YES;
				GCC_WARN_UNUSED_VARIABLE = YES;
				IPHONEOS_DEPLOYMENT_TARGET = 17.5;
				LOCALIZATION_PREFERS_STRING_CATALOGS = YES;
				MTL_ENABLE_DEBUG_INFO = NO;
				MTL_FAST_MATH = YES;
				SDKROOT = iphoneos;
				SWIFT_COMPILATION_MODE = wholemodule;
				VALIDATE_PRODUCT = YES;
			};
			name = Release;
		};
		0C77CFFD2C2A9BAD0031AD98 /* Debug */ = {
			isa = XCBuildConfiguration;
			buildSettings = {
				ASSETCATALOG_COMPILER_APPICON_NAME = AppIcon;
				ASSETCATALOG_COMPILER_GLOBAL_ACCENT_COLOR_NAME = AccentColor;
				CODE_SIGN_STYLE = Automatic;
				CURRENT_PROJECT_VERSION = 1;
				DEVELOPMENT_ASSET_PATHS = "\"unifest-ios2/Preview Content\"";
				DEVELOPMENT_TEAM = NCLJJYF4QS;
				ENABLE_PREVIEWS = YES;
				GENERATE_INFOPLIST_FILE = YES;
				INFOPLIST_FILE = "unifest-ios2/Info.plist";
				INFOPLIST_KEY_CFBundleDisplayName = "유니페스";
				INFOPLIST_KEY_LSApplicationCategoryType = "public.app-category.lifestyle";
				INFOPLIST_KEY_NSLocationWhenInUseUsageDescription = "앱은 사용자의 위치 정보를 사용하여 지도 상의 내 위치를 확인하고 가까운 부스를 찾을 수 있습니다. 이를 통해 사용자와 가까운 상점 추천 및 거리 기반 서비스 제공이 가능합니다. 위치 정보는 서버로 수집되지 않으며, 언제든 메뉴에서 철회할 수 있습니다.";
				INFOPLIST_KEY_UIApplicationSceneManifest_Generation = YES;
				INFOPLIST_KEY_UIApplicationSupportsIndirectInputEvents = YES;
				INFOPLIST_KEY_UILaunchScreen_Generation = YES;
				INFOPLIST_KEY_UISupportedInterfaceOrientations = UIInterfaceOrientationPortrait;
				INFOPLIST_KEY_UISupportedInterfaceOrientations_iPad = "UIInterfaceOrientationLandscapeLeft UIInterfaceOrientationLandscapeRight UIInterfaceOrientationPortrait UIInterfaceOrientationPortraitUpsideDown";
				IPHONEOS_DEPLOYMENT_TARGET = 16.0;
				LD_RUNPATH_SEARCH_PATHS = (
					"$(inherited)",
					"@executable_path/Frameworks",
				);
				MARKETING_VERSION = 1.0;
				PRODUCT_BUNDLE_IDENTIFIER = "hoeunlee228.unifest-ios2";
				PRODUCT_NAME = "$(TARGET_NAME)";
				SUPPORTED_PLATFORMS = "iphoneos iphonesimulator";
				SUPPORTS_MACCATALYST = NO;
				SUPPORTS_MAC_DESIGNED_FOR_IPHONE_IPAD = NO;
				SUPPORTS_XR_DESIGNED_FOR_IPHONE_IPAD = NO;
				SWIFT_EMIT_LOC_STRINGS = YES;
				SWIFT_VERSION = 5.0;
				TARGETED_DEVICE_FAMILY = 1;
			};
			name = Debug;
		};
		0C77CFFE2C2A9BAD0031AD98 /* Release */ = {
			isa = XCBuildConfiguration;
			buildSettings = {
				ASSETCATALOG_COMPILER_APPICON_NAME = AppIcon;
				ASSETCATALOG_COMPILER_GLOBAL_ACCENT_COLOR_NAME = AccentColor;
				CODE_SIGN_STYLE = Automatic;
				CURRENT_PROJECT_VERSION = 1;
				DEVELOPMENT_ASSET_PATHS = "\"unifest-ios2/Preview Content\"";
				DEVELOPMENT_TEAM = NCLJJYF4QS;
				ENABLE_PREVIEWS = YES;
				GENERATE_INFOPLIST_FILE = YES;
				INFOPLIST_FILE = "unifest-ios2/Info.plist";
				INFOPLIST_KEY_CFBundleDisplayName = "유니페스";
				INFOPLIST_KEY_LSApplicationCategoryType = "public.app-category.lifestyle";
				INFOPLIST_KEY_NSLocationWhenInUseUsageDescription = "앱은 사용자의 위치 정보를 사용하여 지도 상의 내 위치를 확인하고 가까운 부스를 찾을 수 있습니다. 이를 통해 사용자와 가까운 상점 추천 및 거리 기반 서비스 제공이 가능합니다. 위치 정보는 서버로 수집되지 않으며, 언제든 메뉴에서 철회할 수 있습니다.";
				INFOPLIST_KEY_UIApplicationSceneManifest_Generation = YES;
				INFOPLIST_KEY_UIApplicationSupportsIndirectInputEvents = YES;
				INFOPLIST_KEY_UILaunchScreen_Generation = YES;
				INFOPLIST_KEY_UISupportedInterfaceOrientations = UIInterfaceOrientationPortrait;
				INFOPLIST_KEY_UISupportedInterfaceOrientations_iPad = "UIInterfaceOrientationLandscapeLeft UIInterfaceOrientationLandscapeRight UIInterfaceOrientationPortrait UIInterfaceOrientationPortraitUpsideDown";
				IPHONEOS_DEPLOYMENT_TARGET = 16.0;
				LD_RUNPATH_SEARCH_PATHS = (
					"$(inherited)",
					"@executable_path/Frameworks",
				);
				MARKETING_VERSION = 1.0;
				PRODUCT_BUNDLE_IDENTIFIER = "hoeunlee228.unifest-ios2";
				PRODUCT_NAME = "$(TARGET_NAME)";
				SUPPORTED_PLATFORMS = "iphoneos iphonesimulator";
				SUPPORTS_MACCATALYST = NO;
				SUPPORTS_MAC_DESIGNED_FOR_IPHONE_IPAD = NO;
				SUPPORTS_XR_DESIGNED_FOR_IPHONE_IPAD = NO;
				SWIFT_EMIT_LOC_STRINGS = YES;
				SWIFT_VERSION = 5.0;
				TARGETED_DEVICE_FAMILY = 1;
			};
			name = Release;
		};
/* End XCBuildConfiguration section */

/* Begin XCConfigurationList section */
		0C77CFE92C2A9BAB0031AD98 /* Build configuration list for PBXProject "unifest-ios2" */ = {
			isa = XCConfigurationList;
			buildConfigurations = (
				0C77CFFA2C2A9BAD0031AD98 /* Debug */,
				0C77CFFB2C2A9BAD0031AD98 /* Release */,
			);
			defaultConfigurationIsVisible = 0;
			defaultConfigurationName = Release;
		};
		0C77CFFC2C2A9BAD0031AD98 /* Build configuration list for PBXNativeTarget "unifest-ios2" */ = {
			isa = XCConfigurationList;
			buildConfigurations = (
				0C77CFFD2C2A9BAD0031AD98 /* Debug */,
				0C77CFFE2C2A9BAD0031AD98 /* Release */,
			);
			defaultConfigurationIsVisible = 0;
			defaultConfigurationName = Release;
		};
/* End XCConfigurationList section */
	};
	rootObject = 0C77CFE62C2A9BAB0031AD98 /* Project object */;
}
