// !$*UTF8*$!
{
	archiveVersion = 1;
	classes = {
	};
	objectVersion = 56;
	objects = {

/* Begin PBXBuildFile section */
		0C0688B32BC0471500069401 /* HomeView.swift in Sources */ = {isa = PBXBuildFile; fileRef = 0C0688B22BC0471500069401 /* HomeView.swift */; };
		0C1A2C6C2BB2718800AD0692 /* AdminMainView.swift in Sources */ = {isa = PBXBuildFile; fileRef = 0C1A2C6B2BB2718800AD0692 /* AdminMainView.swift */; };
		0C244FCD2BF67E6B0047F23D /* VersionService.swift in Sources */ = {isa = PBXBuildFile; fileRef = 0C244FCC2BF67E6B0047F23D /* VersionService.swift */; };
		0C244FD02BF6837C0047F23D /* ConfettiSwiftUI in Frameworks */ = {isa = PBXBuildFile; productRef = 0C244FCF2BF6837C0047F23D /* ConfettiSwiftUI */; };
		0C244FD32BF6851E0047F23D /* WelcomeView.swift in Sources */ = {isa = PBXBuildFile; fileRef = 0C244FD22BF6851E0047F23D /* WelcomeView.swift */; };
		0C2A2BFE2BE9A87900EDF359 /* APIManager.swift in Sources */ = {isa = PBXBuildFile; fileRef = 0C2A2BFD2BE9A87900EDF359 /* APIManager.swift */; };
		0C2A2C002BE9A8B000EDF359 /* NetworkManager.swift in Sources */ = {isa = PBXBuildFile; fileRef = 0C2A2BFF2BE9A8B000EDF359 /* NetworkManager.swift */; };
		0C2AA3C62BFBBBAF008FB5DF /* MenuImageView.swift in Sources */ = {isa = PBXBuildFile; fileRef = 0C2AA3C52BFBBBAF008FB5DF /* MenuImageView.swift */; };
		0C4DFCB12BBEFC2B00CAB98B /* NetworkErrorView.swift in Sources */ = {isa = PBXBuildFile; fileRef = 0C4DFCB02BBEFC2B00CAB98B /* NetworkErrorView.swift */; };
		0C6523932BC131F00085232D /* FestivalInfoView.swift in Sources */ = {isa = PBXBuildFile; fileRef = 0C6523922BC131F00085232D /* FestivalInfoView.swift */; };
		0C683AB82BF8F12C0076ECCF /* FirebaseAnalytics in Frameworks */ = {isa = PBXBuildFile; productRef = 0C683AB72BF8F12C0076ECCF /* FirebaseAnalytics */; };
		0C683ABA2BF8F12C0076ECCF /* FirebaseMessaging in Frameworks */ = {isa = PBXBuildFile; productRef = 0C683AB92BF8F12C0076ECCF /* FirebaseMessaging */; };
		0C72FAAA2BFA3C4C00782B61 /* ThemeManager.swift in Sources */ = {isa = PBXBuildFile; fileRef = 0C72FAA92BFA3C4C00782B61 /* ThemeManager.swift */; };
		0C72FAAC2BFA443200782B61 /* HapticManager.swift in Sources */ = {isa = PBXBuildFile; fileRef = 0C72FAAB2BFA443200782B61 /* HapticManager.swift */; };
		0C7A117E2BF25F25008713B7 /* BoothData.swift in Sources */ = {isa = PBXBuildFile; fileRef = 0C7A117D2BF25F25008713B7 /* BoothData.swift */; };
		0C7A11802BF25FDF008713B7 /* boothTest.json in Resources */ = {isa = PBXBuildFile; fileRef = 0C7A117F2BF25FDF008713B7 /* boothTest.json */; };
		0C7A9CA62BF3E91100F639BA /* GATracker.swift in Sources */ = {isa = PBXBuildFile; fileRef = 0C7A9CA52BF3E91100F639BA /* GATracker.swift */; };
		0C8C41832BB25B5C002B0634 /* AdminLoginView.swift in Sources */ = {isa = PBXBuildFile; fileRef = 0C8C41822BB25B5C002B0634 /* AdminLoginView.swift */; };
		0C9641EF2BB94C8A00838DA9 /* RootView.swift in Sources */ = {isa = PBXBuildFile; fileRef = 0C9641EE2BB94C8A00838DA9 /* RootView.swift */; };
		0C9641F22BB94DE700838DA9 /* WaitingView.swift in Sources */ = {isa = PBXBuildFile; fileRef = 0C9641F12BB94DE700838DA9 /* WaitingView.swift */; };
		0C9641F52BB94E7D00838DA9 /* MenuView.swift in Sources */ = {isa = PBXBuildFile; fileRef = 0C9641F42BB94E7D00838DA9 /* MenuView.swift */; };
		0C9641F92BB94F3D00838DA9 /* RootViewModel.swift in Sources */ = {isa = PBXBuildFile; fileRef = 0C9641F82BB94F3D00838DA9 /* RootViewModel.swift */; };
		0C9D0A5C2BA19DFE00156763 /* unifest_iosApp.swift in Sources */ = {isa = PBXBuildFile; fileRef = 0C9D0A5B2BA19DFE00156763 /* unifest_iosApp.swift */; };
		0C9D0A602BA19DFF00156763 /* Assets.xcassets in Resources */ = {isa = PBXBuildFile; fileRef = 0C9D0A5F2BA19DFF00156763 /* Assets.xcassets */; };
		0C9D0A632BA19DFF00156763 /* Preview Assets.xcassets in Resources */ = {isa = PBXBuildFile; fileRef = 0C9D0A622BA19DFF00156763 /* Preview Assets.xcassets */; };
		0C9D0A6D2BA1A45F00156763 /* MapViewModel.swift in Sources */ = {isa = PBXBuildFile; fileRef = 0C9D0A6C2BA1A45F00156763 /* MapViewModel.swift */; };
		0CAA190E2C31A63C0029312E /* SchoolBoxView.swift in Sources */ = {isa = PBXBuildFile; fileRef = 0CAA190D2C31A63C0029312E /* SchoolBoxView.swift */; };
		0CB2170D2BF23E3A0003338B /* FestivalData.swift in Sources */ = {isa = PBXBuildFile; fileRef = 0CB2170C2BF23E3A0003338B /* FestivalData.swift */; };
		0CB2170F2BF23F270003338B /* festivalTest.json in Resources */ = {isa = PBXBuildFile; fileRef = 0CB2170E2BF23F270003338B /* festivalTest.json */; };
		0CBB058B2BB074ED00EB56BE /* MapPageView.swift in Sources */ = {isa = PBXBuildFile; fileRef = 0CBB05832BB074ED00EB56BE /* MapPageView.swift */; };
		0CBB058C2BB074ED00EB56BE /* MapView.swift in Sources */ = {isa = PBXBuildFile; fileRef = 0CBB05842BB074ED00EB56BE /* MapView.swift */; };
		0CBB058D2BB074ED00EB56BE /* EditFavoriteFestivalView.swift in Sources */ = {isa = PBXBuildFile; fileRef = 0CBB05852BB074ED00EB56BE /* EditFavoriteFestivalView.swift */; };
		0CC40F422BF9276B002759DF /* View+.swift in Sources */ = {isa = PBXBuildFile; fileRef = 0CC40F412BF9276B002759DF /* View+.swift */; };
		0CC40F442BF92A6B002759DF /* MarqueeText.swift in Sources */ = {isa = PBXBuildFile; fileRef = 0CC40F432BF92A6B002759DF /* MarqueeText.swift */; };
		0CDB46D52BB1DC8D00C34AED /* BoothDetailView.swift in Sources */ = {isa = PBXBuildFile; fileRef = 0CDB46D42BB1DC8D00C34AED /* BoothDetailView.swift */; };
		0CDB46D72BB1E7F400C34AED /* OneMapView.swift in Sources */ = {isa = PBXBuildFile; fileRef = 0CDB46D62BB1E7F400C34AED /* OneMapView.swift */; };
		0CE839D52BF2E8CC003E211D /* MapExtensions.swift in Sources */ = {isa = PBXBuildFile; fileRef = 0CE839D42BF2E8CC003E211D /* MapExtensions.swift */; };
		0CE839D72BF38FBD003E211D /* LikedBoothBoxView.swift in Sources */ = {isa = PBXBuildFile; fileRef = 0CE839D62BF38FBD003E211D /* LikedBoothBoxView.swift */; };
		0CE965072BAD66BA00539E8C /* StringLiterals.swift in Sources */ = {isa = PBXBuildFile; fileRef = 0CE965062BAD66BA00539E8C /* StringLiterals.swift */; };
		0CF092D12BC038C90009B782 /* NavigationHeaderView.swift in Sources */ = {isa = PBXBuildFile; fileRef = 0CF092D02BC038C90009B782 /* NavigationHeaderView.swift */; };
		0CF092D32BC03EC50009B782 /* LikeBoothListView.swift in Sources */ = {isa = PBXBuildFile; fileRef = 0CF092D22BC03EC50009B782 /* LikeBoothListView.swift */; };
		0CFA922E2BA2BAB7007F2665 /* AppDelegate.swift in Sources */ = {isa = PBXBuildFile; fileRef = 0CFA922D2BA2BAB7007F2665 /* AppDelegate.swift */; };
		A8897EED2E390944009737AA /* ScalableImageView.swift in Sources */ = {isa = PBXBuildFile; fileRef = A8897EEC2E390944009737AA /* ScalableImageView.swift */; };
		A8897EF12E39F739009737AA /* FestivalInfoViewModel.swift in Sources */ = {isa = PBXBuildFile; fileRef = A8897EF02E39F739009737AA /* FestivalInfoViewModel.swift */; };
		A8897EF32E39F8B9009737AA /* HomeData.swift in Sources */ = {isa = PBXBuildFile; fileRef = A8897EF22E39F8B9009737AA /* HomeData.swift */; };
		E481CE4D2E37BFDA0035A4C0 /* BoothListView.swift in Sources */ = {isa = PBXBuildFile; fileRef = E481CE4B2E37BFDA0035A4C0 /* BoothListView.swift */; };
		E481CE4F2E37E3EF0035A4C0 /* BoothListViewModel.swift in Sources */ = {isa = PBXBuildFile; fileRef = E481CE4E2E37E3EF0035A4C0 /* BoothListViewModel.swift */; };
		F800533E2CFB3B4C00CA108F /* MonthlyCalendarView.swift in Sources */ = {isa = PBXBuildFile; fileRef = F800533D2CFB3B4C00CA108F /* MonthlyCalendarView.swift */; };
		F80053402CFB3BA200CA108F /* WeeklyCalendarView.swift in Sources */ = {isa = PBXBuildFile; fileRef = F800533F2CFB3BA200CA108F /* WeeklyCalendarView.swift */; };
		F80053422CFB3BDB00CA108F /* NumExtensions.swift in Sources */ = {isa = PBXBuildFile; fileRef = F80053412CFB3BDB00CA108F /* NumExtensions.swift */; };
		F80071622C334ED00001596F /* IntroView.swift in Sources */ = {isa = PBXBuildFile; fileRef = F80071612C334ED00001596F /* IntroView.swift */; };
		F80071642C3351360001596F /* MenuBarView.swift in Sources */ = {isa = PBXBuildFile; fileRef = F80071632C3351360001596F /* MenuBarView.swift */; };
		F800716B2C3648390001596F /* WaitingInfoView.swift in Sources */ = {isa = PBXBuildFile; fileRef = F800716A2C3648390001596F /* WaitingInfoView.swift */; };
		F8059A1C2C7C94730061431E /* FavoriteFestival-ViewModel.swift in Sources */ = {isa = PBXBuildFile; fileRef = F8059A1B2C7C94730061431E /* FavoriteFestival-ViewModel.swift */; };
		F815E1402C330064002C61DB /* LongSchoolBoxView.swift in Sources */ = {isa = PBXBuildFile; fileRef = F815E13F2C330064002C61DB /* LongSchoolBoxView.swift */; };
		F81A73BB2CC67C05002DA118 /* ThrottleManager.swift in Sources */ = {isa = PBXBuildFile; fileRef = F81A73BA2CC67C05002DA118 /* ThrottleManager.swift */; };
		F81BD3062CB3E88F0083134F /* CodeScanner in Frameworks */ = {isa = PBXBuildFile; productRef = F81BD3052CB3E88F0083134F /* CodeScanner */; };
		F81BD3082CB3ED250083134F /* Stamp-ViewModel.swift in Sources */ = {isa = PBXBuildFile; fileRef = F81BD3072CB3ED250083134F /* Stamp-ViewModel.swift */; };
		F81F0A9E2D61DF3C00FD66AA /* FCMTokenModel.swift in Sources */ = {isa = PBXBuildFile; fileRef = F81F0A9D2D61DF3C00FD66AA /* FCMTokenModel.swift */; };
		F82C55232CB3F06A00EBCA68 /* StampModel.swift in Sources */ = {isa = PBXBuildFile; fileRef = F82C55222CB3F06A00EBCA68 /* StampModel.swift */; };
		F82C55262CB6BD8B00EBCA68 /* VoteView.swift in Sources */ = {isa = PBXBuildFile; fileRef = F82C55252CB6BD8B00EBCA68 /* VoteView.swift */; };
		F83110D02DAD4C4F00557F81 /* FestivalMapData.swift in Sources */ = {isa = PBXBuildFile; fileRef = F83110CF2DAD4C4F00557F81 /* FestivalMapData.swift */; };
		F84C6F782C4A3A8200D9E414 /* Pretendard-SemiBold.ttf in Resources */ = {isa = PBXBuildFile; fileRef = F84C6F6F2C4A3A7F00D9E414 /* Pretendard-SemiBold.ttf */; };
		F84C6F792C4A3A8200D9E414 /* Pretendard-Medium.ttf in Resources */ = {isa = PBXBuildFile; fileRef = F84C6F702C4A3A8000D9E414 /* Pretendard-Medium.ttf */; };
		F84C6F7A2C4A3A8200D9E414 /* Pretendard-Thin.ttf in Resources */ = {isa = PBXBuildFile; fileRef = F84C6F712C4A3A8000D9E414 /* Pretendard-Thin.ttf */; };
		F84C6F7B2C4A3A8200D9E414 /* Pretendard-Regular.ttf in Resources */ = {isa = PBXBuildFile; fileRef = F84C6F722C4A3A8100D9E414 /* Pretendard-Regular.ttf */; };
		F84C6F7C2C4A3A8200D9E414 /* Pretendard-ExtraBold.ttf in Resources */ = {isa = PBXBuildFile; fileRef = F84C6F732C4A3A8100D9E414 /* Pretendard-ExtraBold.ttf */; };
		F84C6F7D2C4A3A8200D9E414 /* Pretendard-ExtraLight.ttf in Resources */ = {isa = PBXBuildFile; fileRef = F84C6F742C4A3A8100D9E414 /* Pretendard-ExtraLight.ttf */; };
		F84C6F7E2C4A3A8200D9E414 /* Pretendard-Bold.ttf in Resources */ = {isa = PBXBuildFile; fileRef = F84C6F752C4A3A8200D9E414 /* Pretendard-Bold.ttf */; };
		F84C6F7F2C4A3A8200D9E414 /* Pretendard-Black.ttf in Resources */ = {isa = PBXBuildFile; fileRef = F84C6F762C4A3A8200D9E414 /* Pretendard-Black.ttf */; };
		F84C6F802C4A3A8200D9E414 /* Pretendard-Light.ttf in Resources */ = {isa = PBXBuildFile; fileRef = F84C6F772C4A3A8200D9E414 /* Pretendard-Light.ttf */; };
		F84C6F8D2C4D0D4600D9E414 /* BoothInfoView.swift in Sources */ = {isa = PBXBuildFile; fileRef = F84C6F8C2C4D0D4600D9E414 /* BoothInfoView.swift */; };
		F84C6F8F2C4D152200D9E414 /* BoothMenuView.swift in Sources */ = {isa = PBXBuildFile; fileRef = F84C6F8E2C4D152200D9E414 /* BoothMenuView.swift */; };
		F84C6F912C4D1B7D00D9E414 /* BoothFooterView.swift in Sources */ = {isa = PBXBuildFile; fileRef = F84C6F902C4D1B7D00D9E414 /* BoothFooterView.swift */; };
		F865C0BA2C3833B300EDB2F6 /* WaitingListView.swift in Sources */ = {isa = PBXBuildFile; fileRef = F865C0B92C3833B300EDB2F6 /* WaitingListView.swift */; };
		F872669C2C4A30C300687A0D /* AppInstallAlarmView.swift in Sources */ = {isa = PBXBuildFile; fileRef = F872669B2C4A30C300687A0D /* AppInstallAlarmView.swift */; };
		F87266A02C4A345100687A0D /* FontExtension.swift in Sources */ = {isa = PBXBuildFile; fileRef = F872669F2C4A345100687A0D /* FontExtension.swift */; };
		F87B04362CF130D6008E9069 /* NetworkUtils.swift in Sources */ = {isa = PBXBuildFile; fileRef = F87B04352CF130D6008E9069 /* NetworkUtils.swift */; };
		F87DCA4F2C32C9CF0038F845 /* WaitingRequestView.swift in Sources */ = {isa = PBXBuildFile; fileRef = F87DCA4E2C32C9CF0038F845 /* WaitingRequestView.swift */; };
		F87DCA512C32C9D80038F845 /* WaitingCompleteView.swift in Sources */ = {isa = PBXBuildFile; fileRef = F87DCA502C32C9D80038F845 /* WaitingCompleteView.swift */; };
		F87DCA532C32DBB00038F845 /* MapPageHeaderView.swift in Sources */ = {isa = PBXBuildFile; fileRef = F87DCA522C32DBB00038F845 /* MapPageHeaderView.swift */; };
		F88A6D0D2C77EA640025459F /* WaitingCancelView.swift in Sources */ = {isa = PBXBuildFile; fileRef = F88A6D0C2C77EA640025459F /* WaitingCancelView.swift */; };
		F88A6D102C7A05570025459F /* Toast.swift in Sources */ = {isa = PBXBuildFile; fileRef = F88A6D0F2C7A05570025459F /* Toast.swift */; };
		F88A6D122C7A05810025459F /* ToastView.swift in Sources */ = {isa = PBXBuildFile; fileRef = F88A6D112C7A05810025459F /* ToastView.swift */; };
		F88E8E952D61DD7000526699 /* Token-ViewModel.swift in Sources */ = {isa = PBXBuildFile; fileRef = F88E8E942D61DD7000526699 /* Token-ViewModel.swift */; };
		F896A2932CCBACD50093621F /* BoothNoshowDialogView.swift in Sources */ = {isa = PBXBuildFile; fileRef = F896A2922CCBACD50093621F /* BoothNoshowDialogView.swift */; };
		F8A538BA2C8D056200103E64 /* GoogleService-Info.plist in Resources */ = {isa = PBXBuildFile; fileRef = F8A538B92C8D056200103E64 /* GoogleService-Info.plist */; };
		F8A5D9582C8EDB6700AF6230 /* StampQRScanView.swift in Sources */ = {isa = PBXBuildFile; fileRef = F8A5D9572C8EDB6700AF6230 /* StampQRScanView.swift */; };
		F8A91F462C81E0B000DA4231 /* StampView.swift in Sources */ = {isa = PBXBuildFile; fileRef = F8A91F452C81E0B000DA4231 /* StampView.swift */; };
		F8A91F482C81F31B00DA4231 /* StampBoothListView.swift in Sources */ = {isa = PBXBuildFile; fileRef = F8A91F472C81F31B00DA4231 /* StampBoothListView.swift */; };
		F8A91F4A2C81F68300DA4231 /* StampBoothListItemView.swift in Sources */ = {isa = PBXBuildFile; fileRef = F8A91F492C81F68300DA4231 /* StampBoothListItemView.swift */; };
		F8ABA93D2C5A7C28003A8CDB /* Waiting-ViewModel.swift in Sources */ = {isa = PBXBuildFile; fileRef = F8ABA93C2C5A7C28003A8CDB /* Waiting-ViewModel.swift */; };
		F8ABA93F2C5A7C96003A8CDB /* WaitingModel.swift in Sources */ = {isa = PBXBuildFile; fileRef = F8ABA93E2C5A7C96003A8CDB /* WaitingModel.swift */; };
		F8ABA9422C5A7DEF003A8CDB /* Alamofire in Frameworks */ = {isa = PBXBuildFile; productRef = F8ABA9412C5A7DEF003A8CDB /* Alamofire */; };
		F8AE1AD12C5F8A4000EEB1A8 /* WaitingPinView.swift in Sources */ = {isa = PBXBuildFile; fileRef = F8AE1AD02C5F8A4000EEB1A8 /* WaitingPinView.swift */; };
		F8AE6EDF2DBF7AC900591E9D /* FestivalIdManager.swift in Sources */ = {isa = PBXBuildFile; fileRef = F8AE6EDE2DBF7AB300591E9D /* FestivalIdManager.swift */; };
		F8D95CF12CDF0598004F355B /* APIClient.swift in Sources */ = {isa = PBXBuildFile; fileRef = F8D95CF02CDF0598004F355B /* APIClient.swift */; };
		F8EC28832CC12FDA00F2B218 /* TAKUUID in Frameworks */ = {isa = PBXBuildFile; productRef = F8EC28822CC12FDA00F2B218 /* TAKUUID */; };
		F8EC28852CC1301D00F2B218 /* DeviceUUIDManager.swift in Sources */ = {isa = PBXBuildFile; fileRef = F8EC28842CC1301D00F2B218 /* DeviceUUIDManager.swift */; };
		F8F206C42C7CA7580013DBE7 /* FavoriteFestivalModel.swift in Sources */ = {isa = PBXBuildFile; fileRef = F8F206C32C7CA7580013DBE7 /* FavoriteFestivalModel.swift */; };
/* End PBXBuildFile section */

/* Begin PBXFileReference section */
		0C0688B22BC0471500069401 /* HomeView.swift */ = {isa = PBXFileReference; lastKnownFileType = sourcecode.swift; path = HomeView.swift; sourceTree = "<group>"; };
		0C1A2C6B2BB2718800AD0692 /* AdminMainView.swift */ = {isa = PBXFileReference; lastKnownFileType = sourcecode.swift; path = AdminMainView.swift; sourceTree = "<group>"; };
		0C244FCC2BF67E6B0047F23D /* VersionService.swift */ = {isa = PBXFileReference; lastKnownFileType = sourcecode.swift; path = VersionService.swift; sourceTree = "<group>"; };
		0C244FD22BF6851E0047F23D /* WelcomeView.swift */ = {isa = PBXFileReference; lastKnownFileType = sourcecode.swift; path = WelcomeView.swift; sourceTree = "<group>"; };
		0C2A2BFD2BE9A87900EDF359 /* APIManager.swift */ = {isa = PBXFileReference; lastKnownFileType = sourcecode.swift; path = APIManager.swift; sourceTree = "<group>"; };
		0C2A2BFF2BE9A8B000EDF359 /* NetworkManager.swift */ = {isa = PBXFileReference; lastKnownFileType = sourcecode.swift; path = NetworkManager.swift; sourceTree = "<group>"; };
		0C2A2C032BE9AEA600EDF359 /* Info.plist */ = {isa = PBXFileReference; lastKnownFileType = text.plist; path = Info.plist; sourceTree = "<group>"; };
		0C2AA3C52BFBBBAF008FB5DF /* MenuImageView.swift */ = {isa = PBXFileReference; lastKnownFileType = sourcecode.swift; path = MenuImageView.swift; sourceTree = "<group>"; };
		0C4DFCB02BBEFC2B00CAB98B /* NetworkErrorView.swift */ = {isa = PBXFileReference; lastKnownFileType = sourcecode.swift; path = NetworkErrorView.swift; sourceTree = "<group>"; };
		0C6523922BC131F00085232D /* FestivalInfoView.swift */ = {isa = PBXFileReference; lastKnownFileType = sourcecode.swift; path = FestivalInfoView.swift; sourceTree = "<group>"; };
		0C72FAA92BFA3C4C00782B61 /* ThemeManager.swift */ = {isa = PBXFileReference; lastKnownFileType = sourcecode.swift; path = ThemeManager.swift; sourceTree = "<group>"; };
		0C72FAAB2BFA443200782B61 /* HapticManager.swift */ = {isa = PBXFileReference; lastKnownFileType = sourcecode.swift; path = HapticManager.swift; sourceTree = "<group>"; };
		0C7A117D2BF25F25008713B7 /* BoothData.swift */ = {isa = PBXFileReference; lastKnownFileType = sourcecode.swift; path = BoothData.swift; sourceTree = "<group>"; };
		0C7A117F2BF25FDF008713B7 /* boothTest.json */ = {isa = PBXFileReference; lastKnownFileType = text.json; path = boothTest.json; sourceTree = "<group>"; };
		0C7A9CA52BF3E91100F639BA /* GATracker.swift */ = {isa = PBXFileReference; lastKnownFileType = sourcecode.swift; path = GATracker.swift; sourceTree = "<group>"; };
		0C8C41822BB25B5C002B0634 /* AdminLoginView.swift */ = {isa = PBXFileReference; lastKnownFileType = sourcecode.swift; path = AdminLoginView.swift; sourceTree = "<group>"; };
		0C9641EE2BB94C8A00838DA9 /* RootView.swift */ = {isa = PBXFileReference; lastKnownFileType = sourcecode.swift; path = RootView.swift; sourceTree = "<group>"; };
		0C9641F12BB94DE700838DA9 /* WaitingView.swift */ = {isa = PBXFileReference; lastKnownFileType = sourcecode.swift; path = WaitingView.swift; sourceTree = "<group>"; };
		0C9641F42BB94E7D00838DA9 /* MenuView.swift */ = {isa = PBXFileReference; lastKnownFileType = sourcecode.swift; path = MenuView.swift; sourceTree = "<group>"; };
		0C9641F82BB94F3D00838DA9 /* RootViewModel.swift */ = {isa = PBXFileReference; lastKnownFileType = sourcecode.swift; path = RootViewModel.swift; sourceTree = "<group>"; };
		0C9D0A582BA19DFE00156763 /* unifest-ios.app */ = {isa = PBXFileReference; explicitFileType = wrapper.application; includeInIndex = 0; path = "unifest-ios.app"; sourceTree = BUILT_PRODUCTS_DIR; };
		0C9D0A5B2BA19DFE00156763 /* unifest_iosApp.swift */ = {isa = PBXFileReference; lastKnownFileType = sourcecode.swift; path = unifest_iosApp.swift; sourceTree = "<group>"; };
		0C9D0A5F2BA19DFF00156763 /* Assets.xcassets */ = {isa = PBXFileReference; lastKnownFileType = folder.assetcatalog; path = Assets.xcassets; sourceTree = "<group>"; };
		0C9D0A622BA19DFF00156763 /* Preview Assets.xcassets */ = {isa = PBXFileReference; lastKnownFileType = folder.assetcatalog; path = "Preview Assets.xcassets"; sourceTree = "<group>"; };
		0C9D0A6C2BA1A45F00156763 /* MapViewModel.swift */ = {isa = PBXFileReference; lastKnownFileType = sourcecode.swift; path = MapViewModel.swift; sourceTree = "<group>"; };
		0CA4E1122BF3EC69000B1B1B /* unifest-ios.entitlements */ = {isa = PBXFileReference; lastKnownFileType = text.plist.entitlements; path = "unifest-ios.entitlements"; sourceTree = "<group>"; };
		0CAA190D2C31A63C0029312E /* SchoolBoxView.swift */ = {isa = PBXFileReference; lastKnownFileType = sourcecode.swift; path = SchoolBoxView.swift; sourceTree = "<group>"; };
		0CB2170C2BF23E3A0003338B /* FestivalData.swift */ = {isa = PBXFileReference; lastKnownFileType = sourcecode.swift; path = FestivalData.swift; sourceTree = "<group>"; };
		0CB2170E2BF23F270003338B /* festivalTest.json */ = {isa = PBXFileReference; lastKnownFileType = text.json; path = festivalTest.json; sourceTree = "<group>"; };
		0CBB05832BB074ED00EB56BE /* MapPageView.swift */ = {isa = PBXFileReference; fileEncoding = 4; lastKnownFileType = sourcecode.swift; path = MapPageView.swift; sourceTree = "<group>"; };
		0CBB05842BB074ED00EB56BE /* MapView.swift */ = {isa = PBXFileReference; fileEncoding = 4; lastKnownFileType = sourcecode.swift; path = MapView.swift; sourceTree = "<group>"; };
		0CBB05852BB074ED00EB56BE /* EditFavoriteFestivalView.swift */ = {isa = PBXFileReference; fileEncoding = 4; lastKnownFileType = sourcecode.swift; path = EditFavoriteFestivalView.swift; sourceTree = "<group>"; };
		0CC40F412BF9276B002759DF /* View+.swift */ = {isa = PBXFileReference; lastKnownFileType = sourcecode.swift; path = "View+.swift"; sourceTree = "<group>"; };
		0CC40F432BF92A6B002759DF /* MarqueeText.swift */ = {isa = PBXFileReference; lastKnownFileType = sourcecode.swift; path = MarqueeText.swift; sourceTree = "<group>"; };
		0CDB46D42BB1DC8D00C34AED /* BoothDetailView.swift */ = {isa = PBXFileReference; lastKnownFileType = sourcecode.swift; path = BoothDetailView.swift; sourceTree = "<group>"; };
		0CDB46D62BB1E7F400C34AED /* OneMapView.swift */ = {isa = PBXFileReference; lastKnownFileType = sourcecode.swift; path = OneMapView.swift; sourceTree = "<group>"; };
		0CE839D42BF2E8CC003E211D /* MapExtensions.swift */ = {isa = PBXFileReference; lastKnownFileType = sourcecode.swift; path = MapExtensions.swift; sourceTree = "<group>"; };
		0CE839D62BF38FBD003E211D /* LikedBoothBoxView.swift */ = {isa = PBXFileReference; lastKnownFileType = sourcecode.swift; path = LikedBoothBoxView.swift; sourceTree = "<group>"; };
		0CE965062BAD66BA00539E8C /* StringLiterals.swift */ = {isa = PBXFileReference; lastKnownFileType = sourcecode.swift; path = StringLiterals.swift; sourceTree = "<group>"; };
		0CF092D02BC038C90009B782 /* NavigationHeaderView.swift */ = {isa = PBXFileReference; lastKnownFileType = sourcecode.swift; path = NavigationHeaderView.swift; sourceTree = "<group>"; };
		0CF092D22BC03EC50009B782 /* LikeBoothListView.swift */ = {isa = PBXFileReference; lastKnownFileType = sourcecode.swift; path = LikeBoothListView.swift; sourceTree = "<group>"; };
		0CFA922D2BA2BAB7007F2665 /* AppDelegate.swift */ = {isa = PBXFileReference; lastKnownFileType = sourcecode.swift; path = AppDelegate.swift; sourceTree = "<group>"; };
		A8897EEC2E390944009737AA /* ScalableImageView.swift */ = {isa = PBXFileReference; lastKnownFileType = sourcecode.swift; path = ScalableImageView.swift; sourceTree = "<group>"; };
		A8897EF02E39F739009737AA /* FestivalInfoViewModel.swift */ = {isa = PBXFileReference; lastKnownFileType = sourcecode.swift; path = FestivalInfoViewModel.swift; sourceTree = "<group>"; };
		A8897EF22E39F8B9009737AA /* HomeData.swift */ = {isa = PBXFileReference; lastKnownFileType = sourcecode.swift; path = HomeData.swift; sourceTree = "<group>"; };
		E481CE4B2E37BFDA0035A4C0 /* BoothListView.swift */ = {isa = PBXFileReference; lastKnownFileType = sourcecode.swift; path = BoothListView.swift; sourceTree = "<group>"; };
		E481CE4E2E37E3EF0035A4C0 /* BoothListViewModel.swift */ = {isa = PBXFileReference; lastKnownFileType = sourcecode.swift; path = BoothListViewModel.swift; sourceTree = "<group>"; };
		F800533D2CFB3B4C00CA108F /* MonthlyCalendarView.swift */ = {isa = PBXFileReference; lastKnownFileType = sourcecode.swift; path = MonthlyCalendarView.swift; sourceTree = "<group>"; };
		F800533F2CFB3BA200CA108F /* WeeklyCalendarView.swift */ = {isa = PBXFileReference; lastKnownFileType = sourcecode.swift; path = WeeklyCalendarView.swift; sourceTree = "<group>"; };
		F80053412CFB3BDB00CA108F /* NumExtensions.swift */ = {isa = PBXFileReference; lastKnownFileType = sourcecode.swift; path = NumExtensions.swift; sourceTree = "<group>"; };
		F80071612C334ED00001596F /* IntroView.swift */ = {isa = PBXFileReference; lastKnownFileType = sourcecode.swift; name = IntroView.swift; path = "unifest-ios/Views/Intro/IntroView.swift"; sourceTree = SOURCE_ROOT; };
		F80071632C3351360001596F /* MenuBarView.swift */ = {isa = PBXFileReference; lastKnownFileType = sourcecode.swift; path = MenuBarView.swift; sourceTree = "<group>"; };
		F800716A2C3648390001596F /* WaitingInfoView.swift */ = {isa = PBXFileReference; lastKnownFileType = sourcecode.swift; path = WaitingInfoView.swift; sourceTree = "<group>"; };
		F8059A1B2C7C94730061431E /* FavoriteFestival-ViewModel.swift */ = {isa = PBXFileReference; lastKnownFileType = sourcecode.swift; path = "FavoriteFestival-ViewModel.swift"; sourceTree = "<group>"; };
		F815E13F2C330064002C61DB /* LongSchoolBoxView.swift */ = {isa = PBXFileReference; lastKnownFileType = sourcecode.swift; path = LongSchoolBoxView.swift; sourceTree = "<group>"; };
		F81A73BA2CC67C05002DA118 /* ThrottleManager.swift */ = {isa = PBXFileReference; lastKnownFileType = sourcecode.swift; path = ThrottleManager.swift; sourceTree = "<group>"; };
		F81BD3072CB3ED250083134F /* Stamp-ViewModel.swift */ = {isa = PBXFileReference; lastKnownFileType = sourcecode.swift; path = "Stamp-ViewModel.swift"; sourceTree = "<group>"; };
		F81F0A9D2D61DF3C00FD66AA /* FCMTokenModel.swift */ = {isa = PBXFileReference; lastKnownFileType = sourcecode.swift; path = FCMTokenModel.swift; sourceTree = "<group>"; };
		F82C55222CB3F06A00EBCA68 /* StampModel.swift */ = {isa = PBXFileReference; lastKnownFileType = sourcecode.swift; path = StampModel.swift; sourceTree = "<group>"; };
		F82C55252CB6BD8B00EBCA68 /* VoteView.swift */ = {isa = PBXFileReference; lastKnownFileType = sourcecode.swift; path = VoteView.swift; sourceTree = "<group>"; };
		F83110CF2DAD4C4F00557F81 /* FestivalMapData.swift */ = {isa = PBXFileReference; lastKnownFileType = sourcecode.swift; path = FestivalMapData.swift; sourceTree = "<group>"; };
		F84C6F6F2C4A3A7F00D9E414 /* Pretendard-SemiBold.ttf */ = {isa = PBXFileReference; lastKnownFileType = file; path = "Pretendard-SemiBold.ttf"; sourceTree = "<group>"; };
		F84C6F702C4A3A8000D9E414 /* Pretendard-Medium.ttf */ = {isa = PBXFileReference; lastKnownFileType = file; path = "Pretendard-Medium.ttf"; sourceTree = "<group>"; };
		F84C6F712C4A3A8000D9E414 /* Pretendard-Thin.ttf */ = {isa = PBXFileReference; lastKnownFileType = file; path = "Pretendard-Thin.ttf"; sourceTree = "<group>"; };
		F84C6F722C4A3A8100D9E414 /* Pretendard-Regular.ttf */ = {isa = PBXFileReference; lastKnownFileType = file; path = "Pretendard-Regular.ttf"; sourceTree = "<group>"; };
		F84C6F732C4A3A8100D9E414 /* Pretendard-ExtraBold.ttf */ = {isa = PBXFileReference; lastKnownFileType = file; path = "Pretendard-ExtraBold.ttf"; sourceTree = "<group>"; };
		F84C6F742C4A3A8100D9E414 /* Pretendard-ExtraLight.ttf */ = {isa = PBXFileReference; lastKnownFileType = file; path = "Pretendard-ExtraLight.ttf"; sourceTree = "<group>"; };
		F84C6F752C4A3A8200D9E414 /* Pretendard-Bold.ttf */ = {isa = PBXFileReference; lastKnownFileType = file; path = "Pretendard-Bold.ttf"; sourceTree = "<group>"; };
		F84C6F762C4A3A8200D9E414 /* Pretendard-Black.ttf */ = {isa = PBXFileReference; lastKnownFileType = file; path = "Pretendard-Black.ttf"; sourceTree = "<group>"; };
		F84C6F772C4A3A8200D9E414 /* Pretendard-Light.ttf */ = {isa = PBXFileReference; lastKnownFileType = file; path = "Pretendard-Light.ttf"; sourceTree = "<group>"; };
		F84C6F8C2C4D0D4600D9E414 /* BoothInfoView.swift */ = {isa = PBXFileReference; lastKnownFileType = sourcecode.swift; path = BoothInfoView.swift; sourceTree = "<group>"; };
		F84C6F8E2C4D152200D9E414 /* BoothMenuView.swift */ = {isa = PBXFileReference; lastKnownFileType = sourcecode.swift; path = BoothMenuView.swift; sourceTree = "<group>"; };
		F84C6F902C4D1B7D00D9E414 /* BoothFooterView.swift */ = {isa = PBXFileReference; lastKnownFileType = sourcecode.swift; path = BoothFooterView.swift; sourceTree = "<group>"; };
		F865C0B92C3833B300EDB2F6 /* WaitingListView.swift */ = {isa = PBXFileReference; lastKnownFileType = sourcecode.swift; path = WaitingListView.swift; sourceTree = "<group>"; };
		F872669B2C4A30C300687A0D /* AppInstallAlarmView.swift */ = {isa = PBXFileReference; lastKnownFileType = sourcecode.swift; path = AppInstallAlarmView.swift; sourceTree = "<group>"; };
		F872669F2C4A345100687A0D /* FontExtension.swift */ = {isa = PBXFileReference; lastKnownFileType = sourcecode.swift; path = FontExtension.swift; sourceTree = "<group>"; };
		F87B04352CF130D6008E9069 /* NetworkUtils.swift */ = {isa = PBXFileReference; lastKnownFileType = sourcecode.swift; path = NetworkUtils.swift; sourceTree = "<group>"; };
		F87DCA4E2C32C9CF0038F845 /* WaitingRequestView.swift */ = {isa = PBXFileReference; lastKnownFileType = sourcecode.swift; path = WaitingRequestView.swift; sourceTree = "<group>"; };
		F87DCA502C32C9D80038F845 /* WaitingCompleteView.swift */ = {isa = PBXFileReference; lastKnownFileType = sourcecode.swift; path = WaitingCompleteView.swift; sourceTree = "<group>"; };
		F87DCA522C32DBB00038F845 /* MapPageHeaderView.swift */ = {isa = PBXFileReference; lastKnownFileType = sourcecode.swift; path = MapPageHeaderView.swift; sourceTree = "<group>"; };
		F88A6D0C2C77EA640025459F /* WaitingCancelView.swift */ = {isa = PBXFileReference; lastKnownFileType = sourcecode.swift; path = WaitingCancelView.swift; sourceTree = "<group>"; };
		F88A6D0F2C7A05570025459F /* Toast.swift */ = {isa = PBXFileReference; lastKnownFileType = sourcecode.swift; path = Toast.swift; sourceTree = "<group>"; };
		F88A6D112C7A05810025459F /* ToastView.swift */ = {isa = PBXFileReference; lastKnownFileType = sourcecode.swift; path = ToastView.swift; sourceTree = "<group>"; };
		F88E8E942D61DD7000526699 /* Token-ViewModel.swift */ = {isa = PBXFileReference; lastKnownFileType = sourcecode.swift; path = "Token-ViewModel.swift"; sourceTree = "<group>"; };
		F896A2922CCBACD50093621F /* BoothNoshowDialogView.swift */ = {isa = PBXFileReference; lastKnownFileType = sourcecode.swift; path = BoothNoshowDialogView.swift; sourceTree = "<group>"; };
		F8A538B92C8D056200103E64 /* GoogleService-Info.plist */ = {isa = PBXFileReference; fileEncoding = 4; lastKnownFileType = text.plist.xml; path = "GoogleService-Info.plist"; sourceTree = "<group>"; };
		F8A5D9572C8EDB6700AF6230 /* StampQRScanView.swift */ = {isa = PBXFileReference; lastKnownFileType = sourcecode.swift; path = StampQRScanView.swift; sourceTree = "<group>"; };
		F8A91F452C81E0B000DA4231 /* StampView.swift */ = {isa = PBXFileReference; lastKnownFileType = sourcecode.swift; path = StampView.swift; sourceTree = "<group>"; };
		F8A91F472C81F31B00DA4231 /* StampBoothListView.swift */ = {isa = PBXFileReference; lastKnownFileType = sourcecode.swift; path = StampBoothListView.swift; sourceTree = "<group>"; };
		F8A91F492C81F68300DA4231 /* StampBoothListItemView.swift */ = {isa = PBXFileReference; lastKnownFileType = sourcecode.swift; path = StampBoothListItemView.swift; sourceTree = "<group>"; };
		F8ABA93C2C5A7C28003A8CDB /* Waiting-ViewModel.swift */ = {isa = PBXFileReference; lastKnownFileType = sourcecode.swift; path = "Waiting-ViewModel.swift"; sourceTree = "<group>"; };
		F8ABA93E2C5A7C96003A8CDB /* WaitingModel.swift */ = {isa = PBXFileReference; lastKnownFileType = sourcecode.swift; path = WaitingModel.swift; sourceTree = "<group>"; };
		F8AE1AD02C5F8A4000EEB1A8 /* WaitingPinView.swift */ = {isa = PBXFileReference; lastKnownFileType = sourcecode.swift; path = WaitingPinView.swift; sourceTree = "<group>"; };
		F8AE6EDE2DBF7AB300591E9D /* FestivalIdManager.swift */ = {isa = PBXFileReference; lastKnownFileType = sourcecode.swift; path = FestivalIdManager.swift; sourceTree = "<group>"; };
		F8D95CF02CDF0598004F355B /* APIClient.swift */ = {isa = PBXFileReference; lastKnownFileType = sourcecode.swift; path = APIClient.swift; sourceTree = "<group>"; };
		F8EC28842CC1301D00F2B218 /* DeviceUUIDManager.swift */ = {isa = PBXFileReference; lastKnownFileType = sourcecode.swift; path = DeviceUUIDManager.swift; sourceTree = "<group>"; };
		F8F206C32C7CA7580013DBE7 /* FavoriteFestivalModel.swift */ = {isa = PBXFileReference; lastKnownFileType = sourcecode.swift; path = FavoriteFestivalModel.swift; sourceTree = "<group>"; };
/* End PBXFileReference section */

/* Begin PBXFrameworksBuildPhase section */
		0C9D0A552BA19DFE00156763 /* Frameworks */ = {
			isa = PBXFrameworksBuildPhase;
			buildActionMask = 2147483647;
			files = (
				F8EC28832CC12FDA00F2B218 /* TAKUUID in Frameworks */,
				0C683ABA2BF8F12C0076ECCF /* FirebaseMessaging in Frameworks */,
				F8ABA9422C5A7DEF003A8CDB /* Alamofire in Frameworks */,
				0C683AB82BF8F12C0076ECCF /* FirebaseAnalytics in Frameworks */,
				0C244FD02BF6837C0047F23D /* ConfettiSwiftUI in Frameworks */,
				F81BD3062CB3E88F0083134F /* CodeScanner in Frameworks */,
			);
			runOnlyForDeploymentPostprocessing = 0;
		};
/* End PBXFrameworksBuildPhase section */

/* Begin PBXGroup section */
		0C244FD12BF685150047F23D /* Welcome */ = {
			isa = PBXGroup;
			children = (
				0C244FD22BF6851E0047F23D /* WelcomeView.swift */,
			);
			path = Welcome;
			sourceTree = "<group>";
		};
		0C2A2BFC2BE9A86500EDF359 /* Managers */ = {
			isa = PBXGroup;
			children = (
				F8AE6EDE2DBF7AB300591E9D /* FestivalIdManager.swift */,
				0C7A9CA52BF3E91100F639BA /* GATracker.swift */,
				0C244FCC2BF67E6B0047F23D /* VersionService.swift */,
				0C72FAA92BFA3C4C00782B61 /* ThemeManager.swift */,
				0C72FAAB2BFA443200782B61 /* HapticManager.swift */,
				F8EC28842CC1301D00F2B218 /* DeviceUUIDManager.swift */,
				F81A73BA2CC67C05002DA118 /* ThrottleManager.swift */,
			);
			path = Managers;
			sourceTree = "<group>";
		};
		0C4DFCAF2BBEFC1D00CAB98B /* Dialog */ = {
			isa = PBXGroup;
			children = (
				0C4DFCB02BBEFC2B00CAB98B /* NetworkErrorView.swift */,
			);
			path = Dialog;
			sourceTree = "<group>";
		};
		0C8C41812BB25B27002B0634 /* Admin */ = {
			isa = PBXGroup;
			children = (
				0C8C41822BB25B5C002B0634 /* AdminLoginView.swift */,
				0C1A2C6B2BB2718800AD0692 /* AdminMainView.swift */,
			);
			path = Admin;
			sourceTree = "<group>";
		};
		0C9641ED2BB94C8100838DA9 /* Root */ = {
			isa = PBXGroup;
			children = (
				0C9641EE2BB94C8A00838DA9 /* RootView.swift */,
			);
			path = Root;
			sourceTree = "<group>";
		};
		0C9641F02BB94DDD00838DA9 /* Waiting */ = {
			isa = PBXGroup;
			children = (
				0C9641F12BB94DE700838DA9 /* WaitingView.swift */,
				F865C0B92C3833B300EDB2F6 /* WaitingListView.swift */,
				F800716A2C3648390001596F /* WaitingInfoView.swift */,
				F88A6D0C2C77EA640025459F /* WaitingCancelView.swift */,
				F872669B2C4A30C300687A0D /* AppInstallAlarmView.swift */,
			);
			path = Waiting;
			sourceTree = "<group>";
		};
		0C9641F32BB94E7400838DA9 /* Menu */ = {
			isa = PBXGroup;
			children = (
				0C9641F42BB94E7D00838DA9 /* MenuView.swift */,
				0CF092D02BC038C90009B782 /* NavigationHeaderView.swift */,
				0CF092D22BC03EC50009B782 /* LikeBoothListView.swift */,
				0CE839D62BF38FBD003E211D /* LikedBoothBoxView.swift */,
			);
			path = Menu;
			sourceTree = "<group>";
		};
		0C9641F62BB94F2F00838DA9 /* ViewModels */ = {
			isa = PBXGroup;
			children = (
				0C9641F82BB94F3D00838DA9 /* RootViewModel.swift */,
				0C9D0A6C2BA1A45F00156763 /* MapViewModel.swift */,
				F8ABA93C2C5A7C28003A8CDB /* Waiting-ViewModel.swift */,
				F8059A1B2C7C94730061431E /* FavoriteFestival-ViewModel.swift */,
				F81BD3072CB3ED250083134F /* Stamp-ViewModel.swift */,
				F88E8E942D61DD7000526699 /* Token-ViewModel.swift */,
				A8897EF02E39F739009737AA /* FestivalInfoViewModel.swift */,
				E481CE4E2E37E3EF0035A4C0 /* BoothListViewModel.swift */,
			);
			path = ViewModels;
			sourceTree = "<group>";
		};
		0C9D0A4F2BA19DFE00156763 = {
			isa = PBXGroup;
			children = (
				0C9D0A5A2BA19DFE00156763 /* unifest-ios */,
				0C9D0A592BA19DFE00156763 /* Products */,
			);
			sourceTree = "<group>";
		};
		0C9D0A592BA19DFE00156763 /* Products */ = {
			isa = PBXGroup;
			children = (
				0C9D0A582BA19DFE00156763 /* unifest-ios.app */,
			);
			name = Products;
			sourceTree = "<group>";
		};
		0C9D0A5A2BA19DFE00156763 /* unifest-ios */ = {
			isa = PBXGroup;
			children = (
				F8A538B92C8D056200103E64 /* GoogleService-Info.plist */,
				0CA4E1122BF3EC69000B1B1B /* unifest-ios.entitlements */,
				0C2A2C032BE9AEA600EDF359 /* Info.plist */,
				0C9D0A5B2BA19DFE00156763 /* unifest_iosApp.swift */,
				0CFA922D2BA2BAB7007F2665 /* AppDelegate.swift */,
				0CE965082BAD678F00539E8C /* Extensions */,
				0C9D0A6A2BA1A43300156763 /* Data */,
				0C2A2BFC2BE9A86500EDF359 /* Managers */,
				F8D95CEF2CDF0562004F355B /* Networking */,
				0C9641F62BB94F2F00838DA9 /* ViewModels */,
				0C9D0A6B2BA1A43900156763 /* Models */,
				0C9D0A692BA1A42600156763 /* Views */,
				0C9D0A5F2BA19DFF00156763 /* Assets.xcassets */,
				0C9D0A612BA19DFF00156763 /* Preview Content */,
			);
			path = "unifest-ios";
			sourceTree = "<group>";
		};
		0C9D0A612BA19DFF00156763 /* Preview Content */ = {
			isa = PBXGroup;
			children = (
				0C9D0A622BA19DFF00156763 /* Preview Assets.xcassets */,
			);
			path = "Preview Content";
			sourceTree = "<group>";
		};
		0C9D0A692BA1A42600156763 /* Views */ = {
			isa = PBXGroup;
			children = (
				0C8C41812BB25B27002B0634 /* Admin */,
				0CBB05872BB074ED00EB56BE /* Views */,
			);
			path = Views;
			sourceTree = "<group>";
		};
		0C9D0A6A2BA1A43300156763 /* Data */ = {
			isa = PBXGroup;
			children = (
				0CB2170C2BF23E3A0003338B /* FestivalData.swift */,
				0CB2170E2BF23F270003338B /* festivalTest.json */,
				0C7A117D2BF25F25008713B7 /* BoothData.swift */,
				0C7A117F2BF25FDF008713B7 /* boothTest.json */,
				A8897EF22E39F8B9009737AA /* HomeData.swift */,
			);
			path = Data;
			sourceTree = "<group>";
		};
		0C9D0A6B2BA1A43900156763 /* Models */ = {
			isa = PBXGroup;
			children = (
				F8ABA93E2C5A7C96003A8CDB /* WaitingModel.swift */,
				F8F206C32C7CA7580013DBE7 /* FavoriteFestivalModel.swift */,
				F82C55222CB3F06A00EBCA68 /* StampModel.swift */,
				F81F0A9D2D61DF3C00FD66AA /* FCMTokenModel.swift */,
			);
			path = Models;
			sourceTree = "<group>";
		};
		0CBB05802BB074ED00EB56BE /* Home */ = {
			isa = PBXGroup;
			children = (
				0C0688B22BC0471500069401 /* HomeView.swift */,
				F800533D2CFB3B4C00CA108F /* MonthlyCalendarView.swift */,
				F800533F2CFB3BA200CA108F /* WeeklyCalendarView.swift */,
				0C6523922BC131F00085232D /* FestivalInfoView.swift */,
				A8897EEC2E390944009737AA /* ScalableImageView.swift */,
			);
			path = Home;
			sourceTree = "<group>";
		};
		0CBB05822BB074ED00EB56BE /* Intro */ = {
			isa = PBXGroup;
			children = (
				F80071612C334ED00001596F /* IntroView.swift */,
			);
			path = Intro;
			sourceTree = "<group>";
		};
		0CBB05862BB074ED00EB56BE /* Map */ = {
			isa = PBXGroup;
			children = (
				0CBB05832BB074ED00EB56BE /* MapPageView.swift */,
				F87DCA522C32DBB00038F845 /* MapPageHeaderView.swift */,
				0CBB05842BB074ED00EB56BE /* MapView.swift */,
				0CBB05852BB074ED00EB56BE /* EditFavoriteFestivalView.swift */,
				F815E13F2C330064002C61DB /* LongSchoolBoxView.swift */,
				0CDB46D62BB1E7F400C34AED /* OneMapView.swift */,
				0CAA190D2C31A63C0029312E /* SchoolBoxView.swift */,
				F83110CF2DAD4C4F00557F81 /* FestivalMapData.swift */,
			);
			path = Map;
			sourceTree = "<group>";
		};
		0CBB05872BB074ED00EB56BE /* Views */ = {
			isa = PBXGroup;
			children = (
				E481CE4C2E37BFDA0035A4C0 /* BoothList */,
				F88A6D0E2C7A05430025459F /* Toast */,
				0C4DFCAF2BBEFC1D00CAB98B /* Dialog */,
				0C244FD12BF685150047F23D /* Welcome */,
				0CBB05822BB074ED00EB56BE /* Intro */,
				0C9641ED2BB94C8100838DA9 /* Root */,
				0CBB05802BB074ED00EB56BE /* Home */,
				0CBB05862BB074ED00EB56BE /* Map */,
				F82C55242CB6BD4D00EBCA68 /* Vote */,
				0CDB46D32BB1DC8300C34AED /* Detail */,
				0C9641F02BB94DDD00838DA9 /* Waiting */,
				F8A91F442C81DFD400DA4231 /* Stamp */,
				0C9641F32BB94E7400838DA9 /* Menu */,
			);
			name = Views;
			sourceTree = "<group>";
		};
		0CDB46D32BB1DC8300C34AED /* Detail */ = {
			isa = PBXGroup;
			children = (
				0CDB46D42BB1DC8D00C34AED /* BoothDetailView.swift */,
				F84C6F8C2C4D0D4600D9E414 /* BoothInfoView.swift */,
				F84C6F8E2C4D152200D9E414 /* BoothMenuView.swift */,
				F80071632C3351360001596F /* MenuBarView.swift */,
				0C2AA3C52BFBBBAF008FB5DF /* MenuImageView.swift */,
				F84C6F902C4D1B7D00D9E414 /* BoothFooterView.swift */,
				F896A2922CCBACD50093621F /* BoothNoshowDialogView.swift */,
				F8AE1AD02C5F8A4000EEB1A8 /* WaitingPinView.swift */,
				F87DCA4E2C32C9CF0038F845 /* WaitingRequestView.swift */,
				F87DCA502C32C9D80038F845 /* WaitingCompleteView.swift */,
			);
			path = Detail;
			sourceTree = "<group>";
		};
		0CE965052BAD66AC00539E8C /* Text */ = {
			isa = PBXGroup;
			children = (
				F872669D2C4A342900687A0D /* Font */,
				0CE965062BAD66BA00539E8C /* StringLiterals.swift */,
				0CC40F432BF92A6B002759DF /* MarqueeText.swift */,
			);
			name = Text;
			path = ..;
			sourceTree = "<group>";
		};
		0CE965082BAD678F00539E8C /* Extensions */ = {
			isa = PBXGroup;
			children = (
				0CE965052BAD66AC00539E8C /* Text */,
				0CE839D42BF2E8CC003E211D /* MapExtensions.swift */,
				0CC40F412BF9276B002759DF /* View+.swift */,
				F80053412CFB3BDB00CA108F /* NumExtensions.swift */,
			);
			name = Extensions;
			path = Text/Extensions;
			sourceTree = "<group>";
		};
		E481CE4C2E37BFDA0035A4C0 /* BoothList */ = {
			isa = PBXGroup;
			children = (
				E481CE4B2E37BFDA0035A4C0 /* BoothListView.swift */,
			);
			path = BoothList;
			sourceTree = "<group>";
		};
		F82C55242CB6BD4D00EBCA68 /* Vote */ = {
			isa = PBXGroup;
			children = (
				F82C55252CB6BD8B00EBCA68 /* VoteView.swift */,
			);
			path = Vote;
			sourceTree = "<group>";
		};
		F872669D2C4A342900687A0D /* Font */ = {
			isa = PBXGroup;
			children = (
				F872669F2C4A345100687A0D /* FontExtension.swift */,
				F84C6F762C4A3A8200D9E414 /* Pretendard-Black.ttf */,
				F84C6F732C4A3A8100D9E414 /* Pretendard-ExtraBold.ttf */,
				F84C6F752C4A3A8200D9E414 /* Pretendard-Bold.ttf */,
				F84C6F6F2C4A3A7F00D9E414 /* Pretendard-SemiBold.ttf */,
				F84C6F702C4A3A8000D9E414 /* Pretendard-Medium.ttf */,
				F84C6F722C4A3A8100D9E414 /* Pretendard-Regular.ttf */,
				F84C6F772C4A3A8200D9E414 /* Pretendard-Light.ttf */,
				F84C6F742C4A3A8100D9E414 /* Pretendard-ExtraLight.ttf */,
				F84C6F712C4A3A8000D9E414 /* Pretendard-Thin.ttf */,
			);
			path = Font;
			sourceTree = "<group>";
		};
		F88A6D0E2C7A05430025459F /* Toast */ = {
			isa = PBXGroup;
			children = (
				F88A6D0F2C7A05570025459F /* Toast.swift */,
				F88A6D112C7A05810025459F /* ToastView.swift */,
			);
			path = Toast;
			sourceTree = "<group>";
		};
		F8A91F442C81DFD400DA4231 /* Stamp */ = {
			isa = PBXGroup;
			children = (
				F8A91F452C81E0B000DA4231 /* StampView.swift */,
				F8A91F472C81F31B00DA4231 /* StampBoothListView.swift */,
				F8A91F492C81F68300DA4231 /* StampBoothListItemView.swift */,
				F8A5D9572C8EDB6700AF6230 /* StampQRScanView.swift */,
			);
			path = Stamp;
			sourceTree = "<group>";
		};
		F8D95CEF2CDF0562004F355B /* Networking */ = {
			isa = PBXGroup;
			children = (
				0C2A2BFF2BE9A8B000EDF359 /* NetworkManager.swift */,
				0C2A2BFD2BE9A87900EDF359 /* APIManager.swift */,
				F8D95CF02CDF0598004F355B /* APIClient.swift */,
				F87B04352CF130D6008E9069 /* NetworkUtils.swift */,
			);
			path = Networking;
			sourceTree = "<group>";
		};
/* End PBXGroup section */

/* Begin PBXNativeTarget section */
		0C9D0A572BA19DFE00156763 /* unifest-ios */ = {
			isa = PBXNativeTarget;
			buildConfigurationList = 0C9D0A662BA19DFF00156763 /* Build configuration list for PBXNativeTarget "unifest-ios" */;
			buildPhases = (
				0C9D0A542BA19DFE00156763 /* Sources */,
				0C9D0A552BA19DFE00156763 /* Frameworks */,
				0C9D0A562BA19DFE00156763 /* Resources */,
			);
			buildRules = (
			);
			dependencies = (
			);
			name = "unifest-ios";
			packageProductDependencies = (
				0C244FCF2BF6837C0047F23D /* ConfettiSwiftUI */,
				0C683AB72BF8F12C0076ECCF /* FirebaseAnalytics */,
				0C683AB92BF8F12C0076ECCF /* FirebaseMessaging */,
				F8ABA9412C5A7DEF003A8CDB /* Alamofire */,
				F81BD3052CB3E88F0083134F /* CodeScanner */,
				F8EC28822CC12FDA00F2B218 /* TAKUUID */,
			);
			productName = "unifest-ios";
			productReference = 0C9D0A582BA19DFE00156763 /* unifest-ios.app */;
			productType = "com.apple.product-type.application";
		};
/* End PBXNativeTarget section */

/* Begin PBXProject section */
		0C9D0A502BA19DFE00156763 /* Project object */ = {
			isa = PBXProject;
			attributes = {
				BuildIndependentTargetsInParallel = 1;
				LastSwiftUpdateCheck = 1530;
				LastUpgradeCheck = 1500;
				TargetAttributes = {
					0C9D0A572BA19DFE00156763 = {
						CreatedOnToolsVersion = 15.3;
					};
				};
			};
			buildConfigurationList = 0C9D0A532BA19DFE00156763 /* Build configuration list for PBXProject "unifest-ios" */;
			compatibilityVersion = "Xcode 14.0";
			developmentRegion = en;
			hasScannedForEncodings = 0;
			knownRegions = (
				en,
				Base,
			);
			mainGroup = 0C9D0A4F2BA19DFE00156763;
			packageReferences = (
				0C244FCE2BF6837C0047F23D /* XCRemoteSwiftPackageReference "ConfettiSwiftUI" */,
				0C683AB62BF8F12C0076ECCF /* XCRemoteSwiftPackageReference "firebase-ios-sdk" */,
				F8ABA9402C5A7DEF003A8CDB /* XCRemoteSwiftPackageReference "Alamofire" */,
				F81BD3042CB3E88F0083134F /* XCRemoteSwiftPackageReference "CodeScanner" */,
				F8EC28812CC12FDA00F2B218 /* XCRemoteSwiftPackageReference "TAKUUID" */,
			);
			productRefGroup = 0C9D0A592BA19DFE00156763 /* Products */;
			projectDirPath = "";
			projectRoot = "";
			targets = (
				0C9D0A572BA19DFE00156763 /* unifest-ios */,
			);
		};
/* End PBXProject section */

/* Begin PBXResourcesBuildPhase section */
		0C9D0A562BA19DFE00156763 /* Resources */ = {
			isa = PBXResourcesBuildPhase;
			buildActionMask = 2147483647;
			files = (
				F84C6F7F2C4A3A8200D9E414 /* Pretendard-Black.ttf in Resources */,
				F84C6F7A2C4A3A8200D9E414 /* Pretendard-Thin.ttf in Resources */,
				F84C6F782C4A3A8200D9E414 /* Pretendard-SemiBold.ttf in Resources */,
				0C9D0A632BA19DFF00156763 /* Preview Assets.xcassets in Resources */,
				0C9D0A602BA19DFF00156763 /* Assets.xcassets in Resources */,
				F84C6F802C4A3A8200D9E414 /* Pretendard-Light.ttf in Resources */,
				F84C6F7B2C4A3A8200D9E414 /* Pretendard-Regular.ttf in Resources */,
				0C7A11802BF25FDF008713B7 /* boothTest.json in Resources */,
				F84C6F7C2C4A3A8200D9E414 /* Pretendard-ExtraBold.ttf in Resources */,
				F84C6F792C4A3A8200D9E414 /* Pretendard-Medium.ttf in Resources */,
				0CB2170F2BF23F270003338B /* festivalTest.json in Resources */,
				F84C6F7E2C4A3A8200D9E414 /* Pretendard-Bold.ttf in Resources */,
				F84C6F7D2C4A3A8200D9E414 /* Pretendard-ExtraLight.ttf in Resources */,
				F8A538BA2C8D056200103E64 /* GoogleService-Info.plist in Resources */,
			);
			runOnlyForDeploymentPostprocessing = 0;
		};
/* End PBXResourcesBuildPhase section */

/* Begin PBXSourcesBuildPhase section */
		0C9D0A542BA19DFE00156763 /* Sources */ = {
			isa = PBXSourcesBuildPhase;
			buildActionMask = 2147483647;
			files = (
				0C7A117E2BF25F25008713B7 /* BoothData.swift in Sources */,
				F81BD3082CB3ED250083134F /* Stamp-ViewModel.swift in Sources */,
				F8ABA93D2C5A7C28003A8CDB /* Waiting-ViewModel.swift in Sources */,
				0C6523932BC131F00085232D /* FestivalInfoView.swift in Sources */,
				0CAA190E2C31A63C0029312E /* SchoolBoxView.swift in Sources */,
				0CF092D32BC03EC50009B782 /* LikeBoothListView.swift in Sources */,
				F81F0A9E2D61DF3C00FD66AA /* FCMTokenModel.swift in Sources */,
				F87DCA4F2C32C9CF0038F845 /* WaitingRequestView.swift in Sources */,
				0C9641F92BB94F3D00838DA9 /* RootViewModel.swift in Sources */,
				F87DCA512C32C9D80038F845 /* WaitingCompleteView.swift in Sources */,
				0C9641F22BB94DE700838DA9 /* WaitingView.swift in Sources */,
				0C244FD32BF6851E0047F23D /* WelcomeView.swift in Sources */,
				F88A6D0D2C77EA640025459F /* WaitingCancelView.swift in Sources */,
				0CDB46D72BB1E7F400C34AED /* OneMapView.swift in Sources */,
				0C9641EF2BB94C8A00838DA9 /* RootView.swift in Sources */,
				F8AE6EDF2DBF7AC900591E9D /* FestivalIdManager.swift in Sources */,
				F8EC28852CC1301D00F2B218 /* DeviceUUIDManager.swift in Sources */,
				0CDB46D52BB1DC8D00C34AED /* BoothDetailView.swift in Sources */,
				F8A5D9582C8EDB6700AF6230 /* StampQRScanView.swift in Sources */,
				0C9641F52BB94E7D00838DA9 /* MenuView.swift in Sources */,
				0CF092D12BC038C90009B782 /* NavigationHeaderView.swift in Sources */,
				F80071622C334ED00001596F /* IntroView.swift in Sources */,
				0CBB058C2BB074ED00EB56BE /* MapView.swift in Sources */,
				F87B04362CF130D6008E9069 /* NetworkUtils.swift in Sources */,
				F87266A02C4A345100687A0D /* FontExtension.swift in Sources */,
				0C2A2C002BE9A8B000EDF359 /* NetworkManager.swift in Sources */,
				0CB2170D2BF23E3A0003338B /* FestivalData.swift in Sources */,
				0C0688B32BC0471500069401 /* HomeView.swift in Sources */,
				F80071642C3351360001596F /* MenuBarView.swift in Sources */,
				0CE965072BAD66BA00539E8C /* StringLiterals.swift in Sources */,
				0C1A2C6C2BB2718800AD0692 /* AdminMainView.swift in Sources */,
				0C9D0A5C2BA19DFE00156763 /* unifest_iosApp.swift in Sources */,
				F88A6D122C7A05810025459F /* ToastView.swift in Sources */,
				0CE839D72BF38FBD003E211D /* LikedBoothBoxView.swift in Sources */,
				F865C0BA2C3833B300EDB2F6 /* WaitingListView.swift in Sources */,
				F82C55232CB3F06A00EBCA68 /* StampModel.swift in Sources */,
				0C4DFCB12BBEFC2B00CAB98B /* NetworkErrorView.swift in Sources */,
				F8D95CF12CDF0598004F355B /* APIClient.swift in Sources */,
				F84C6F8D2C4D0D4600D9E414 /* BoothInfoView.swift in Sources */,
				0CC40F442BF92A6B002759DF /* MarqueeText.swift in Sources */,
				0C2A2BFE2BE9A87900EDF359 /* APIManager.swift in Sources */,
				F82C55262CB6BD8B00EBCA68 /* VoteView.swift in Sources */,
				0C72FAAC2BFA443200782B61 /* HapticManager.swift in Sources */,
				0CC40F422BF9276B002759DF /* View+.swift in Sources */,
				F81A73BB2CC67C05002DA118 /* ThrottleManager.swift in Sources */,
				F8F206C42C7CA7580013DBE7 /* FavoriteFestivalModel.swift in Sources */,
				0CFA922E2BA2BAB7007F2665 /* AppDelegate.swift in Sources */,
				F800533E2CFB3B4C00CA108F /* MonthlyCalendarView.swift in Sources */,
				E481CE4F2E37E3EF0035A4C0 /* BoothListViewModel.swift in Sources */,
				F84C6F8F2C4D152200D9E414 /* BoothMenuView.swift in Sources */,
				0C244FCD2BF67E6B0047F23D /* VersionService.swift in Sources */,
				F8ABA93F2C5A7C96003A8CDB /* WaitingModel.swift in Sources */,
				F8A91F4A2C81F68300DA4231 /* StampBoothListItemView.swift in Sources */,
				0C2AA3C62BFBBBAF008FB5DF /* MenuImageView.swift in Sources */,
				F88A6D102C7A05570025459F /* Toast.swift in Sources */,
				F8AE1AD12C5F8A4000EEB1A8 /* WaitingPinView.swift in Sources */,
				F80053422CFB3BDB00CA108F /* NumExtensions.swift in Sources */,
				F8A91F462C81E0B000DA4231 /* StampView.swift in Sources */,
				F83110D02DAD4C4F00557F81 /* FestivalMapData.swift in Sources */,
				A8897EF12E39F739009737AA /* FestivalInfoViewModel.swift in Sources */,
				0C8C41832BB25B5C002B0634 /* AdminLoginView.swift in Sources */,
				F8A91F482C81F31B00DA4231 /* StampBoothListView.swift in Sources */,
				F84C6F912C4D1B7D00D9E414 /* BoothFooterView.swift in Sources */,
				F815E1402C330064002C61DB /* LongSchoolBoxView.swift in Sources */,
				0CBB058B2BB074ED00EB56BE /* MapPageView.swift in Sources */,
				F87DCA532C32DBB00038F845 /* MapPageHeaderView.swift in Sources */,
				0C72FAAA2BFA3C4C00782B61 /* ThemeManager.swift in Sources */,
				0CBB058D2BB074ED00EB56BE /* EditFavoriteFestivalView.swift in Sources */,
				E481CE4D2E37BFDA0035A4C0 /* BoothListView.swift in Sources */,
				0C9D0A6D2BA1A45F00156763 /* MapViewModel.swift in Sources */,
				F896A2932CCBACD50093621F /* BoothNoshowDialogView.swift in Sources */,
				A8897EED2E390944009737AA /* ScalableImageView.swift in Sources */,
				0C7A9CA62BF3E91100F639BA /* GATracker.swift in Sources */,
				F80053402CFB3BA200CA108F /* WeeklyCalendarView.swift in Sources */,
				F872669C2C4A30C300687A0D /* AppInstallAlarmView.swift in Sources */,
				0CE839D52BF2E8CC003E211D /* MapExtensions.swift in Sources */,
				A8897EF32E39F8B9009737AA /* HomeData.swift in Sources */,
				F8059A1C2C7C94730061431E /* FavoriteFestival-ViewModel.swift in Sources */,
				F800716B2C3648390001596F /* WaitingInfoView.swift in Sources */,
				F88E8E952D61DD7000526699 /* Token-ViewModel.swift in Sources */,
			);
			runOnlyForDeploymentPostprocessing = 0;
		};
/* End PBXSourcesBuildPhase section */

/* Begin XCBuildConfiguration section */
		0C9D0A642BA19DFF00156763 /* Debug */ = {
			isa = XCBuildConfiguration;
			buildSettings = {
				ALWAYS_SEARCH_USER_PATHS = NO;
				ASSETCATALOG_COMPILER_GENERATE_SWIFT_ASSET_SYMBOL_EXTENSIONS = YES;
				CLANG_ANALYZER_NONNULL = YES;
				CLANG_ANALYZER_NUMBER_OBJECT_CONVERSION = YES_AGGRESSIVE;
				CLANG_CXX_LANGUAGE_STANDARD = "gnu++20";
				CLANG_ENABLE_MODULES = YES;
				CLANG_ENABLE_OBJC_ARC = YES;
				CLANG_ENABLE_OBJC_WEAK = YES;
				CLANG_WARN_BLOCK_CAPTURE_AUTORELEASING = YES;
				CLANG_WARN_BOOL_CONVERSION = YES;
				CLANG_WARN_COMMA = YES;
				CLANG_WARN_CONSTANT_CONVERSION = YES;
				CLANG_WARN_DEPRECATED_OBJC_IMPLEMENTATIONS = YES;
				CLANG_WARN_DIRECT_OBJC_ISA_USAGE = YES_ERROR;
				CLANG_WARN_DOCUMENTATION_COMMENTS = YES;
				CLANG_WARN_EMPTY_BODY = YES;
				CLANG_WARN_ENUM_CONVERSION = YES;
				CLANG_WARN_INFINITE_RECURSION = YES;
				CLANG_WARN_INT_CONVERSION = YES;
				CLANG_WARN_NON_LITERAL_NULL_CONVERSION = YES;
				CLANG_WARN_OBJC_IMPLICIT_RETAIN_SELF = YES;
				CLANG_WARN_OBJC_LITERAL_CONVERSION = YES;
				CLANG_WARN_OBJC_ROOT_CLASS = YES_ERROR;
				CLANG_WARN_QUOTED_INCLUDE_IN_FRAMEWORK_HEADER = YES;
				CLANG_WARN_RANGE_LOOP_ANALYSIS = YES;
				CLANG_WARN_STRICT_PROTOTYPES = YES;
				CLANG_WARN_SUSPICIOUS_MOVE = YES;
				CLANG_WARN_UNGUARDED_AVAILABILITY = YES_AGGRESSIVE;
				CLANG_WARN_UNREACHABLE_CODE = YES;
				CLANG_WARN__DUPLICATE_METHOD_MATCH = YES;
				COPY_PHASE_STRIP = NO;
				DEBUG_INFORMATION_FORMAT = dwarf;
				ENABLE_STRICT_OBJC_MSGSEND = YES;
				ENABLE_TESTABILITY = YES;
				ENABLE_USER_SCRIPT_SANDBOXING = YES;
				GCC_C_LANGUAGE_STANDARD = gnu17;
				GCC_DYNAMIC_NO_PIC = NO;
				GCC_NO_COMMON_BLOCKS = YES;
				GCC_OPTIMIZATION_LEVEL = 0;
				GCC_PREPROCESSOR_DEFINITIONS = (
					"DEBUG=1",
					"$(inherited)",
				);
				GCC_WARN_64_TO_32_BIT_CONVERSION = YES;
				GCC_WARN_ABOUT_RETURN_TYPE = YES_ERROR;
				GCC_WARN_UNDECLARED_SELECTOR = YES;
				GCC_WARN_UNINITIALIZED_AUTOS = YES_AGGRESSIVE;
				GCC_WARN_UNUSED_FUNCTION = YES;
				GCC_WARN_UNUSED_VARIABLE = YES;
				IPHONEOS_DEPLOYMENT_TARGET = 17.4;
				LOCALIZATION_PREFERS_STRING_CATALOGS = YES;
				MTL_ENABLE_DEBUG_INFO = INCLUDE_SOURCE;
				MTL_FAST_MATH = YES;
				ONLY_ACTIVE_ARCH = YES;
				SDKROOT = iphoneos;
				SWIFT_ACTIVE_COMPILATION_CONDITIONS = "DEBUG $(inherited)";
				SWIFT_OPTIMIZATION_LEVEL = "-Onone";
			};
			name = Debug;
		};
		0C9D0A652BA19DFF00156763 /* Release */ = {
			isa = XCBuildConfiguration;
			buildSettings = {
				ALWAYS_SEARCH_USER_PATHS = NO;
				ASSETCATALOG_COMPILER_GENERATE_SWIFT_ASSET_SYMBOL_EXTENSIONS = YES;
				CLANG_ANALYZER_NONNULL = YES;
				CLANG_ANALYZER_NUMBER_OBJECT_CONVERSION = YES_AGGRESSIVE;
				CLANG_CXX_LANGUAGE_STANDARD = "gnu++20";
				CLANG_ENABLE_MODULES = YES;
				CLANG_ENABLE_OBJC_ARC = YES;
				CLANG_ENABLE_OBJC_WEAK = YES;
				CLANG_WARN_BLOCK_CAPTURE_AUTORELEASING = YES;
				CLANG_WARN_BOOL_CONVERSION = YES;
				CLANG_WARN_COMMA = YES;
				CLANG_WARN_CONSTANT_CONVERSION = YES;
				CLANG_WARN_DEPRECATED_OBJC_IMPLEMENTATIONS = YES;
				CLANG_WARN_DIRECT_OBJC_ISA_USAGE = YES_ERROR;
				CLANG_WARN_DOCUMENTATION_COMMENTS = YES;
				CLANG_WARN_EMPTY_BODY = YES;
				CLANG_WARN_ENUM_CONVERSION = YES;
				CLANG_WARN_INFINITE_RECURSION = YES;
				CLANG_WARN_INT_CONVERSION = YES;
				CLANG_WARN_NON_LITERAL_NULL_CONVERSION = YES;
				CLANG_WARN_OBJC_IMPLICIT_RETAIN_SELF = YES;
				CLANG_WARN_OBJC_LITERAL_CONVERSION = YES;
				CLANG_WARN_OBJC_ROOT_CLASS = YES_ERROR;
				CLANG_WARN_QUOTED_INCLUDE_IN_FRAMEWORK_HEADER = YES;
				CLANG_WARN_RANGE_LOOP_ANALYSIS = YES;
				CLANG_WARN_STRICT_PROTOTYPES = YES;
				CLANG_WARN_SUSPICIOUS_MOVE = YES;
				CLANG_WARN_UNGUARDED_AVAILABILITY = YES_AGGRESSIVE;
				CLANG_WARN_UNREACHABLE_CODE = YES;
				CLANG_WARN__DUPLICATE_METHOD_MATCH = YES;
				COPY_PHASE_STRIP = NO;
				DEBUG_INFORMATION_FORMAT = "dwarf-with-dsym";
				ENABLE_NS_ASSERTIONS = NO;
				ENABLE_STRICT_OBJC_MSGSEND = YES;
				ENABLE_USER_SCRIPT_SANDBOXING = YES;
				GCC_C_LANGUAGE_STANDARD = gnu17;
				GCC_NO_COMMON_BLOCKS = YES;
				GCC_WARN_64_TO_32_BIT_CONVERSION = YES;
				GCC_WARN_ABOUT_RETURN_TYPE = YES_ERROR;
				GCC_WARN_UNDECLARED_SELECTOR = YES;
				GCC_WARN_UNINITIALIZED_AUTOS = YES_AGGRESSIVE;
				GCC_WARN_UNUSED_FUNCTION = YES;
				GCC_WARN_UNUSED_VARIABLE = YES;
				IPHONEOS_DEPLOYMENT_TARGET = 17.4;
				LOCALIZATION_PREFERS_STRING_CATALOGS = YES;
				MTL_ENABLE_DEBUG_INFO = NO;
				MTL_FAST_MATH = YES;
				SDKROOT = iphoneos;
				SWIFT_COMPILATION_MODE = wholemodule;
				VALIDATE_PRODUCT = YES;
			};
			name = Release;
		};
		0C9D0A672BA19DFF00156763 /* Debug */ = {
			isa = XCBuildConfiguration;
			buildSettings = {
				ASSETCATALOG_COMPILER_APPICON_NAME = AppIcon;
				ASSETCATALOG_COMPILER_GLOBAL_ACCENT_COLOR_NAME = AccentColor;
				CODE_SIGN_ENTITLEMENTS = "unifest-ios/unifest-ios.entitlements";
				CODE_SIGN_IDENTITY = "Apple Development";
				"CODE_SIGN_IDENTITY[sdk=iphoneos*]" = "iPhone Developer: Yoonhoi Kim (XLW2PNMC83)";
				CODE_SIGN_INJECT_BASE_ENTITLEMENTS = YES;
				CODE_SIGN_STYLE = Manual;
				CURRENT_PROJECT_VERSION = 1;
				DEVELOPMENT_ASSET_PATHS = "\"unifest-ios/Preview Content\"";
				DEVELOPMENT_TEAM = "";
				"DEVELOPMENT_TEAM[sdk=iphoneos*]" = LDY38WB7N3;
				ENABLE_PREVIEWS = YES;
				GENERATE_INFOPLIST_FILE = YES;
				INFOPLIST_FILE = "unifest-ios/Info.plist";
				INFOPLIST_KEY_CFBundleDisplayName = "유니페스";
				INFOPLIST_KEY_LSApplicationCategoryType = "public.app-category.lifestyle";
				INFOPLIST_KEY_NSCameraUsageDescription = "QR코드를 스캔하기 위해 카메라 권한 설정이 필요합니다";
				INFOPLIST_KEY_NSHumanReadableCopyright = "";
				INFOPLIST_KEY_NSLocationWhenInUseUsageDescription = "앱은 사용자의 위치 정보를 사용하여 지도 상의 내 위치를 확인하고 가까운 부스를 찾을 수 있습니다. 이를 통해 사용자와 가까운 상점 추천 및 거리 기반 서비스 제공이 가능합니다. 위치 정보는 서버로 수집되지 않으며, 언제든 메뉴에서 철회할 수 있습니다.";
				INFOPLIST_KEY_UIApplicationSceneManifest_Generation = YES;
				INFOPLIST_KEY_UIApplicationSupportsIndirectInputEvents = YES;
				INFOPLIST_KEY_UIStatusBarStyle = "";
				INFOPLIST_KEY_UISupportedInterfaceOrientations = UIInterfaceOrientationPortrait;
				INFOPLIST_KEY_UISupportedInterfaceOrientations_iPad = "UIInterfaceOrientationLandscapeLeft UIInterfaceOrientationLandscapeRight UIInterfaceOrientationPortrait UIInterfaceOrientationPortraitUpsideDown";
				IPHONEOS_DEPLOYMENT_TARGET = 17.0;
				LD_RUNPATH_SEARCH_PATHS = (
					"$(inherited)",
					"@executable_path/Frameworks",
				);
				MARKETING_VERSION = 2.2.2;
				PRODUCT_BUNDLE_IDENTIFIER = "com.hoeunlee228.unifest-ios";
				PRODUCT_NAME = "$(TARGET_NAME)";
				PROVISIONING_PROFILE_SPECIFIER = "";
				"PROVISIONING_PROFILE_SPECIFIER[sdk=iphoneos*]" = unifestDev;
				SUPPORTED_PLATFORMS = "iphoneos iphonesimulator";
				SUPPORTS_MACCATALYST = NO;
				SUPPORTS_MAC_DESIGNED_FOR_IPHONE_IPAD = NO;
				SUPPORTS_XR_DESIGNED_FOR_IPHONE_IPAD = NO;
				SWIFT_EMIT_LOC_STRINGS = YES;
				SWIFT_VERSION = 5.0;
				TARGETED_DEVICE_FAMILY = 1;
			};
			name = Debug;
		};
		0C9D0A682BA19DFF00156763 /* Release */ = {
			isa = XCBuildConfiguration;
			buildSettings = {
				ASSETCATALOG_COMPILER_APPICON_NAME = AppIcon;
				ASSETCATALOG_COMPILER_GLOBAL_ACCENT_COLOR_NAME = AccentColor;
				CODE_SIGN_ENTITLEMENTS = "unifest-ios/unifest-ios.entitlements";
				CODE_SIGN_IDENTITY = "Apple Development";
				"CODE_SIGN_IDENTITY[sdk=iphoneos*]" = "iPhone Distribution";
				CODE_SIGN_INJECT_BASE_ENTITLEMENTS = YES;
				CODE_SIGN_STYLE = Manual;
				CURRENT_PROJECT_VERSION = 1;
				DEVELOPMENT_ASSET_PATHS = "\"unifest-ios/Preview Content\"";
				DEVELOPMENT_TEAM = "";
				"DEVELOPMENT_TEAM[sdk=iphoneos*]" = LDY38WB7N3;
				ENABLE_PREVIEWS = YES;
				GENERATE_INFOPLIST_FILE = YES;
				INFOPLIST_FILE = "unifest-ios/Info.plist";
				INFOPLIST_KEY_CFBundleDisplayName = "유니페스";
				INFOPLIST_KEY_LSApplicationCategoryType = "public.app-category.lifestyle";
				INFOPLIST_KEY_NSCameraUsageDescription = "QR코드를 스캔하기 위해 카메라 권한 설정이 필요합니다";
				INFOPLIST_KEY_NSHumanReadableCopyright = "";
				INFOPLIST_KEY_NSLocationWhenInUseUsageDescription = "앱은 사용자의 위치 정보를 사용하여 지도 상의 내 위치를 확인하고 가까운 부스를 찾을 수 있습니다. 이를 통해 사용자와 가까운 상점 추천 및 거리 기반 서비스 제공이 가능합니다. 위치 정보는 서버로 수집되지 않으며, 언제든 메뉴에서 철회할 수 있습니다.";
				INFOPLIST_KEY_UIApplicationSceneManifest_Generation = YES;
				INFOPLIST_KEY_UIApplicationSupportsIndirectInputEvents = YES;
				INFOPLIST_KEY_UIStatusBarStyle = "";
				INFOPLIST_KEY_UISupportedInterfaceOrientations = UIInterfaceOrientationPortrait;
				INFOPLIST_KEY_UISupportedInterfaceOrientations_iPad = "UIInterfaceOrientationLandscapeLeft UIInterfaceOrientationLandscapeRight UIInterfaceOrientationPortrait UIInterfaceOrientationPortraitUpsideDown";
				IPHONEOS_DEPLOYMENT_TARGET = 17.0;
				LD_RUNPATH_SEARCH_PATHS = (
					"$(inherited)",
					"@executable_path/Frameworks",
				);
				MARKETING_VERSION = 2.2.2;
				PRODUCT_BUNDLE_IDENTIFIER = "com.hoeunlee228.unifest-ios";
				PRODUCT_NAME = "$(TARGET_NAME)";
				PROVISIONING_PROFILE_SPECIFIER = "";
				"PROVISIONING_PROFILE_SPECIFIER[sdk=iphoneos*]" = unifestDistribution;
				SUPPORTED_PLATFORMS = "iphoneos iphonesimulator";
				SUPPORTS_MACCATALYST = NO;
				SUPPORTS_MAC_DESIGNED_FOR_IPHONE_IPAD = NO;
				SUPPORTS_XR_DESIGNED_FOR_IPHONE_IPAD = NO;
				SWIFT_EMIT_LOC_STRINGS = YES;
				SWIFT_VERSION = 5.0;
				TARGETED_DEVICE_FAMILY = 1;
			};
			name = Release;
		};
/* End XCBuildConfiguration section */

/* Begin XCConfigurationList section */
		0C9D0A532BA19DFE00156763 /* Build configuration list for PBXProject "unifest-ios" */ = {
			isa = XCConfigurationList;
			buildConfigurations = (
				0C9D0A642BA19DFF00156763 /* Debug */,
				0C9D0A652BA19DFF00156763 /* Release */,
			);
			defaultConfigurationIsVisible = 0;
			defaultConfigurationName = Release;
		};
		0C9D0A662BA19DFF00156763 /* Build configuration list for PBXNativeTarget "unifest-ios" */ = {
			isa = XCConfigurationList;
			buildConfigurations = (
				0C9D0A672BA19DFF00156763 /* Debug */,
				0C9D0A682BA19DFF00156763 /* Release */,
			);
			defaultConfigurationIsVisible = 0;
			defaultConfigurationName = Release;
		};
/* End XCConfigurationList section */

/* Begin XCRemoteSwiftPackageReference section */
		0C244FCE2BF6837C0047F23D /* XCRemoteSwiftPackageReference "ConfettiSwiftUI" */ = {
			isa = XCRemoteSwiftPackageReference;
			repositoryURL = "https://github.com/simibac/ConfettiSwiftUI.git";
			requirement = {
				branch = master;
				kind = branch;
			};
		};
		0C683AB62BF8F12C0076ECCF /* XCRemoteSwiftPackageReference "firebase-ios-sdk" */ = {
			isa = XCRemoteSwiftPackageReference;
			repositoryURL = "https://github.com/firebase/firebase-ios-sdk";
			requirement = {
				kind = upToNextMajorVersion;
				minimumVersion = 10.26.0;
			};
		};
		F81BD3042CB3E88F0083134F /* XCRemoteSwiftPackageReference "CodeScanner" */ = {
			isa = XCRemoteSwiftPackageReference;
			repositoryURL = "https://github.com/twostraws/CodeScanner";
			requirement = {
				kind = upToNextMajorVersion;
				minimumVersion = 2.5.1;
			};
		};
		F8ABA9402C5A7DEF003A8CDB /* XCRemoteSwiftPackageReference "Alamofire" */ = {
			isa = XCRemoteSwiftPackageReference;
			repositoryURL = "https://github.com/Alamofire/Alamofire";
			requirement = {
				kind = upToNextMajorVersion;
				minimumVersion = 5.9.1;
			};
		};
		F8EC28812CC12FDA00F2B218 /* XCRemoteSwiftPackageReference "TAKUUID" */ = {
			isa = XCRemoteSwiftPackageReference;
			repositoryURL = "https://github.com/taka0125/TAKUUID";
			requirement = {
				kind = upToNextMajorVersion;
				minimumVersion = 1.6.0;
			};
		};
/* End XCRemoteSwiftPackageReference section */

/* Begin XCSwiftPackageProductDependency section */
		0C244FCF2BF6837C0047F23D /* ConfettiSwiftUI */ = {
			isa = XCSwiftPackageProductDependency;
			package = 0C244FCE2BF6837C0047F23D /* XCRemoteSwiftPackageReference "ConfettiSwiftUI" */;
			productName = ConfettiSwiftUI;
		};
		0C683AB72BF8F12C0076ECCF /* FirebaseAnalytics */ = {
			isa = XCSwiftPackageProductDependency;
			package = 0C683AB62BF8F12C0076ECCF /* XCRemoteSwiftPackageReference "firebase-ios-sdk" */;
			productName = FirebaseAnalytics;
		};
		0C683AB92BF8F12C0076ECCF /* FirebaseMessaging */ = {
			isa = XCSwiftPackageProductDependency;
			package = 0C683AB62BF8F12C0076ECCF /* XCRemoteSwiftPackageReference "firebase-ios-sdk" */;
			productName = FirebaseMessaging;
		};
		F81BD3052CB3E88F0083134F /* CodeScanner */ = {
			isa = XCSwiftPackageProductDependency;
			package = F81BD3042CB3E88F0083134F /* XCRemoteSwiftPackageReference "CodeScanner" */;
			productName = CodeScanner;
		};
		F8ABA9412C5A7DEF003A8CDB /* Alamofire */ = {
			isa = XCSwiftPackageProductDependency;
			package = F8ABA9402C5A7DEF003A8CDB /* XCRemoteSwiftPackageReference "Alamofire" */;
			productName = Alamofire;
		};
		F8EC28822CC12FDA00F2B218 /* TAKUUID */ = {
			isa = XCSwiftPackageProductDependency;
			package = F8EC28812CC12FDA00F2B218 /* XCRemoteSwiftPackageReference "TAKUUID" */;
			productName = TAKUUID;
		};
/* End XCSwiftPackageProductDependency section */
	};
	rootObject = 0C9D0A502BA19DFE00156763 /* Project object */;
}
