// !$*UTF8*$!
{
	archiveVersion = 1;
	classes = {
	};
	objectVersion = 56;
	objects = {

/* Begin PBXBuildFile section */
		0C0688B32BC0471500069401 /* CalendarView.swift in Sources */ = {isa = PBXBuildFile; fileRef = 0C0688B22BC0471500069401 /* CalendarView.swift */; };
		0C1A2C6C2BB2718800AD0692 /* AdminMainView.swift in Sources */ = {isa = PBXBuildFile; fileRef = 0C1A2C6B2BB2718800AD0692 /* AdminMainView.swift */; };
		0C244FCD2BF67E6B0047F23D /* VersionService.swift in Sources */ = {isa = PBXBuildFile; fileRef = 0C244FCC2BF67E6B0047F23D /* VersionService.swift */; };
		0C244FD02BF6837C0047F23D /* ConfettiSwiftUI in Frameworks */ = {isa = PBXBuildFile; productRef = 0C244FCF2BF6837C0047F23D /* ConfettiSwiftUI */; };
		0C244FD32BF6851E0047F23D /* WelcomeView.swift in Sources */ = {isa = PBXBuildFile; fileRef = 0C244FD22BF6851E0047F23D /* WelcomeView.swift */; };
		0C2A2BFE2BE9A87900EDF359 /* APIManager.swift in Sources */ = {isa = PBXBuildFile; fileRef = 0C2A2BFD2BE9A87900EDF359 /* APIManager.swift */; };
		0C2A2C002BE9A8B000EDF359 /* NetworkManager.swift in Sources */ = {isa = PBXBuildFile; fileRef = 0C2A2BFF2BE9A8B000EDF359 /* NetworkManager.swift */; };
		0C2A2C022BE9A8DB00EDF359 /* UserDataManager.swift in Sources */ = {isa = PBXBuildFile; fileRef = 0C2A2C012BE9A8DB00EDF359 /* UserDataManager.swift */; };
		0C4DFCB12BBEFC2B00CAB98B /* NetworkErrorView.swift in Sources */ = {isa = PBXBuildFile; fileRef = 0C4DFCB02BBEFC2B00CAB98B /* NetworkErrorView.swift */; };
		0C6523932BC131F00085232D /* HomeView.swift in Sources */ = {isa = PBXBuildFile; fileRef = 0C6523922BC131F00085232D /* HomeView.swift */; };
		0C683AB82BF8F12C0076ECCF /* FirebaseAnalytics in Frameworks */ = {isa = PBXBuildFile; productRef = 0C683AB72BF8F12C0076ECCF /* FirebaseAnalytics */; };
		0C683ABA2BF8F12C0076ECCF /* FirebaseMessaging in Frameworks */ = {isa = PBXBuildFile; productRef = 0C683AB92BF8F12C0076ECCF /* FirebaseMessaging */; };
		0C72FAAA2BFA3C4C00782B61 /* ThemeManager.swift in Sources */ = {isa = PBXBuildFile; fileRef = 0C72FAA92BFA3C4C00782B61 /* ThemeManager.swift */; };
		0C7A117E2BF25F25008713B7 /* BoothData.swift in Sources */ = {isa = PBXBuildFile; fileRef = 0C7A117D2BF25F25008713B7 /* BoothData.swift */; };
		0C7A11802BF25FDF008713B7 /* boothTest.json in Resources */ = {isa = PBXBuildFile; fileRef = 0C7A117F2BF25FDF008713B7 /* boothTest.json */; };
		0C7A9CA62BF3E91100F639BA /* GATracker.swift in Sources */ = {isa = PBXBuildFile; fileRef = 0C7A9CA52BF3E91100F639BA /* GATracker.swift */; };
		0C8C41832BB25B5C002B0634 /* AdminLoginView.swift in Sources */ = {isa = PBXBuildFile; fileRef = 0C8C41822BB25B5C002B0634 /* AdminLoginView.swift */; };
		0C9641EC2BB941F200838DA9 /* WaitingPopupView.swift in Sources */ = {isa = PBXBuildFile; fileRef = 0C9641EB2BB941F200838DA9 /* WaitingPopupView.swift */; };
		0C9641EF2BB94C8A00838DA9 /* RootView.swift in Sources */ = {isa = PBXBuildFile; fileRef = 0C9641EE2BB94C8A00838DA9 /* RootView.swift */; };
		0C9641F22BB94DE700838DA9 /* WaitingView.swift in Sources */ = {isa = PBXBuildFile; fileRef = 0C9641F12BB94DE700838DA9 /* WaitingView.swift */; };
		0C9641F52BB94E7D00838DA9 /* MenuView.swift in Sources */ = {isa = PBXBuildFile; fileRef = 0C9641F42BB94E7D00838DA9 /* MenuView.swift */; };
		0C9641F92BB94F3D00838DA9 /* RootViewModel.swift in Sources */ = {isa = PBXBuildFile; fileRef = 0C9641F82BB94F3D00838DA9 /* RootViewModel.swift */; };
		0C9D0A5C2BA19DFE00156763 /* unifest_iosApp.swift in Sources */ = {isa = PBXBuildFile; fileRef = 0C9D0A5B2BA19DFE00156763 /* unifest_iosApp.swift */; };
		0C9D0A5E2BA19DFE00156763 /* ContentView.swift in Sources */ = {isa = PBXBuildFile; fileRef = 0C9D0A5D2BA19DFE00156763 /* ContentView.swift */; };
		0C9D0A602BA19DFF00156763 /* Assets.xcassets in Resources */ = {isa = PBXBuildFile; fileRef = 0C9D0A5F2BA19DFF00156763 /* Assets.xcassets */; };
		0C9D0A632BA19DFF00156763 /* Preview Assets.xcassets in Resources */ = {isa = PBXBuildFile; fileRef = 0C9D0A622BA19DFF00156763 /* Preview Assets.xcassets */; };
		0C9D0A6D2BA1A45F00156763 /* MapViewModel.swift in Sources */ = {isa = PBXBuildFile; fileRef = 0C9D0A6C2BA1A45F00156763 /* MapViewModel.swift */; };
		0CA4E1112BF3EC0A000B1B1B /* GoogleService-Info.plist in Resources */ = {isa = PBXBuildFile; fileRef = 0CA4E1102BF3EC0A000B1B1B /* GoogleService-Info.plist */; };
		0CB2170D2BF23E3A0003338B /* FestivalData.swift in Sources */ = {isa = PBXBuildFile; fileRef = 0CB2170C2BF23E3A0003338B /* FestivalData.swift */; };
		0CB2170F2BF23F270003338B /* festivalTest.json in Resources */ = {isa = PBXBuildFile; fileRef = 0CB2170E2BF23F270003338B /* festivalTest.json */; };
		0CBB058A2BB074ED00EB56BE /* IntroView.swift in Sources */ = {isa = PBXBuildFile; fileRef = 0CBB05812BB074ED00EB56BE /* IntroView.swift */; };
		0CBB058B2BB074ED00EB56BE /* MapPageView.swift in Sources */ = {isa = PBXBuildFile; fileRef = 0CBB05832BB074ED00EB56BE /* MapPageView.swift */; };
		0CBB058C2BB074ED00EB56BE /* MapView.swift in Sources */ = {isa = PBXBuildFile; fileRef = 0CBB05842BB074ED00EB56BE /* MapView.swift */; };
		0CBB058D2BB074ED00EB56BE /* SearchSchoolView.swift in Sources */ = {isa = PBXBuildFile; fileRef = 0CBB05852BB074ED00EB56BE /* SearchSchoolView.swift */; };
		0CC40F422BF9276B002759DF /* View+.swift in Sources */ = {isa = PBXBuildFile; fileRef = 0CC40F412BF9276B002759DF /* View+.swift */; };
		0CC40F442BF92A6B002759DF /* MarqueeText.swift in Sources */ = {isa = PBXBuildFile; fileRef = 0CC40F432BF92A6B002759DF /* MarqueeText.swift */; };
		0CDB46D52BB1DC8D00C34AED /* DetailView.swift in Sources */ = {isa = PBXBuildFile; fileRef = 0CDB46D42BB1DC8D00C34AED /* DetailView.swift */; };
		0CDB46D72BB1E7F400C34AED /* OneMapView.swift in Sources */ = {isa = PBXBuildFile; fileRef = 0CDB46D62BB1E7F400C34AED /* OneMapView.swift */; };
		0CE839D52BF2E8CC003E211D /* Extensions.swift in Sources */ = {isa = PBXBuildFile; fileRef = 0CE839D42BF2E8CC003E211D /* Extensions.swift */; };
		0CE839D72BF38FBD003E211D /* LikedBoothBoxView.swift in Sources */ = {isa = PBXBuildFile; fileRef = 0CE839D62BF38FBD003E211D /* LikedBoothBoxView.swift */; };
		0CE839D92BF3A33C003E211D /* TeamView.swift in Sources */ = {isa = PBXBuildFile; fileRef = 0CE839D82BF3A33C003E211D /* TeamView.swift */; };
		0CE965042BAD668D00539E8C /* IntroView.swift in Sources */ = {isa = PBXBuildFile; fileRef = 0CE965032BAD668D00539E8C /* IntroView.swift */; };
		0CE965072BAD66BA00539E8C /* StringLiterals.swift in Sources */ = {isa = PBXBuildFile; fileRef = 0CE965062BAD66BA00539E8C /* StringLiterals.swift */; };
		0CF092D12BC038C90009B782 /* NavigationHeaderView.swift in Sources */ = {isa = PBXBuildFile; fileRef = 0CF092D02BC038C90009B782 /* NavigationHeaderView.swift */; };
		0CF092D32BC03EC50009B782 /* LikeBoothListView.swift in Sources */ = {isa = PBXBuildFile; fileRef = 0CF092D22BC03EC50009B782 /* LikeBoothListView.swift */; };
		0CFA922E2BA2BAB7007F2665 /* AppDelegate.swift in Sources */ = {isa = PBXBuildFile; fileRef = 0CFA922D2BA2BAB7007F2665 /* AppDelegate.swift */; };
/* End PBXBuildFile section */

/* Begin PBXFileReference section */
		0C0688B22BC0471500069401 /* CalendarView.swift */ = {isa = PBXFileReference; lastKnownFileType = sourcecode.swift; path = CalendarView.swift; sourceTree = "<group>"; };
		0C1A2C6B2BB2718800AD0692 /* AdminMainView.swift */ = {isa = PBXFileReference; lastKnownFileType = sourcecode.swift; path = AdminMainView.swift; sourceTree = "<group>"; };
		0C244FCC2BF67E6B0047F23D /* VersionService.swift */ = {isa = PBXFileReference; lastKnownFileType = sourcecode.swift; path = VersionService.swift; sourceTree = "<group>"; };
		0C244FD22BF6851E0047F23D /* WelcomeView.swift */ = {isa = PBXFileReference; lastKnownFileType = sourcecode.swift; path = WelcomeView.swift; sourceTree = "<group>"; };
		0C2A2BFD2BE9A87900EDF359 /* APIManager.swift */ = {isa = PBXFileReference; lastKnownFileType = sourcecode.swift; path = APIManager.swift; sourceTree = "<group>"; };
		0C2A2BFF2BE9A8B000EDF359 /* NetworkManager.swift */ = {isa = PBXFileReference; lastKnownFileType = sourcecode.swift; path = NetworkManager.swift; sourceTree = "<group>"; };
		0C2A2C012BE9A8DB00EDF359 /* UserDataManager.swift */ = {isa = PBXFileReference; lastKnownFileType = sourcecode.swift; path = UserDataManager.swift; sourceTree = "<group>"; };
		0C2A2C032BE9AEA600EDF359 /* Info.plist */ = {isa = PBXFileReference; lastKnownFileType = text.plist; path = Info.plist; sourceTree = "<group>"; };
		0C4DFCB02BBEFC2B00CAB98B /* NetworkErrorView.swift */ = {isa = PBXFileReference; lastKnownFileType = sourcecode.swift; path = NetworkErrorView.swift; sourceTree = "<group>"; };
		0C6523922BC131F00085232D /* HomeView.swift */ = {isa = PBXFileReference; lastKnownFileType = sourcecode.swift; path = HomeView.swift; sourceTree = "<group>"; };
		0C72FAA92BFA3C4C00782B61 /* ThemeManager.swift */ = {isa = PBXFileReference; lastKnownFileType = sourcecode.swift; path = ThemeManager.swift; sourceTree = "<group>"; };
		0C7A117D2BF25F25008713B7 /* BoothData.swift */ = {isa = PBXFileReference; lastKnownFileType = sourcecode.swift; path = BoothData.swift; sourceTree = "<group>"; };
		0C7A117F2BF25FDF008713B7 /* boothTest.json */ = {isa = PBXFileReference; lastKnownFileType = text.json; path = boothTest.json; sourceTree = "<group>"; };
		0C7A9CA52BF3E91100F639BA /* GATracker.swift */ = {isa = PBXFileReference; lastKnownFileType = sourcecode.swift; path = GATracker.swift; sourceTree = "<group>"; };
		0C8C41822BB25B5C002B0634 /* AdminLoginView.swift */ = {isa = PBXFileReference; lastKnownFileType = sourcecode.swift; path = AdminLoginView.swift; sourceTree = "<group>"; };
		0C9641EB2BB941F200838DA9 /* WaitingPopupView.swift */ = {isa = PBXFileReference; lastKnownFileType = sourcecode.swift; path = WaitingPopupView.swift; sourceTree = "<group>"; };
		0C9641EE2BB94C8A00838DA9 /* RootView.swift */ = {isa = PBXFileReference; lastKnownFileType = sourcecode.swift; path = RootView.swift; sourceTree = "<group>"; };
		0C9641F12BB94DE700838DA9 /* WaitingView.swift */ = {isa = PBXFileReference; lastKnownFileType = sourcecode.swift; path = WaitingView.swift; sourceTree = "<group>"; };
		0C9641F42BB94E7D00838DA9 /* MenuView.swift */ = {isa = PBXFileReference; lastKnownFileType = sourcecode.swift; path = MenuView.swift; sourceTree = "<group>"; };
		0C9641F82BB94F3D00838DA9 /* RootViewModel.swift */ = {isa = PBXFileReference; lastKnownFileType = sourcecode.swift; path = RootViewModel.swift; sourceTree = "<group>"; };
		0C9D0A582BA19DFE00156763 /* unifest-ios.app */ = {isa = PBXFileReference; explicitFileType = wrapper.application; includeInIndex = 0; path = "unifest-ios.app"; sourceTree = BUILT_PRODUCTS_DIR; };
		0C9D0A5B2BA19DFE00156763 /* unifest_iosApp.swift */ = {isa = PBXFileReference; lastKnownFileType = sourcecode.swift; path = unifest_iosApp.swift; sourceTree = "<group>"; };
		0C9D0A5D2BA19DFE00156763 /* ContentView.swift */ = {isa = PBXFileReference; lastKnownFileType = sourcecode.swift; path = ContentView.swift; sourceTree = "<group>"; };
		0C9D0A5F2BA19DFF00156763 /* Assets.xcassets */ = {isa = PBXFileReference; lastKnownFileType = folder.assetcatalog; path = Assets.xcassets; sourceTree = "<group>"; };
		0C9D0A622BA19DFF00156763 /* Preview Assets.xcassets */ = {isa = PBXFileReference; lastKnownFileType = folder.assetcatalog; path = "Preview Assets.xcassets"; sourceTree = "<group>"; };
		0C9D0A6C2BA1A45F00156763 /* MapViewModel.swift */ = {isa = PBXFileReference; lastKnownFileType = sourcecode.swift; path = MapViewModel.swift; sourceTree = "<group>"; };
		0CA4E1102BF3EC0A000B1B1B /* GoogleService-Info.plist */ = {isa = PBXFileReference; fileEncoding = 4; lastKnownFileType = text.plist.xml; path = "GoogleService-Info.plist"; sourceTree = "<group>"; };
		0CA4E1122BF3EC69000B1B1B /* unifest-ios.entitlements */ = {isa = PBXFileReference; lastKnownFileType = text.plist.entitlements; path = "unifest-ios.entitlements"; sourceTree = "<group>"; };
		0CB2170C2BF23E3A0003338B /* FestivalData.swift */ = {isa = PBXFileReference; lastKnownFileType = sourcecode.swift; path = FestivalData.swift; sourceTree = "<group>"; };
		0CB2170E2BF23F270003338B /* festivalTest.json */ = {isa = PBXFileReference; lastKnownFileType = text.json; path = festivalTest.json; sourceTree = "<group>"; };
		0CBB05812BB074ED00EB56BE /* IntroView.swift */ = {isa = PBXFileReference; fileEncoding = 4; lastKnownFileType = sourcecode.swift; path = IntroView.swift; sourceTree = "<group>"; };
		0CBB05832BB074ED00EB56BE /* MapPageView.swift */ = {isa = PBXFileReference; fileEncoding = 4; lastKnownFileType = sourcecode.swift; path = MapPageView.swift; sourceTree = "<group>"; };
		0CBB05842BB074ED00EB56BE /* MapView.swift */ = {isa = PBXFileReference; fileEncoding = 4; lastKnownFileType = sourcecode.swift; path = MapView.swift; sourceTree = "<group>"; };
		0CBB05852BB074ED00EB56BE /* SearchSchoolView.swift */ = {isa = PBXFileReference; fileEncoding = 4; lastKnownFileType = sourcecode.swift; path = SearchSchoolView.swift; sourceTree = "<group>"; };
		0CC40F412BF9276B002759DF /* View+.swift */ = {isa = PBXFileReference; lastKnownFileType = sourcecode.swift; path = "View+.swift"; sourceTree = "<group>"; };
		0CC40F432BF92A6B002759DF /* MarqueeText.swift */ = {isa = PBXFileReference; lastKnownFileType = sourcecode.swift; path = MarqueeText.swift; sourceTree = "<group>"; };
		0CDB46D42BB1DC8D00C34AED /* DetailView.swift */ = {isa = PBXFileReference; lastKnownFileType = sourcecode.swift; path = DetailView.swift; sourceTree = "<group>"; };
		0CDB46D62BB1E7F400C34AED /* OneMapView.swift */ = {isa = PBXFileReference; lastKnownFileType = sourcecode.swift; path = OneMapView.swift; sourceTree = "<group>"; };
		0CE839D42BF2E8CC003E211D /* Extensions.swift */ = {isa = PBXFileReference; lastKnownFileType = sourcecode.swift; path = Extensions.swift; sourceTree = "<group>"; };
		0CE839D62BF38FBD003E211D /* LikedBoothBoxView.swift */ = {isa = PBXFileReference; lastKnownFileType = sourcecode.swift; path = LikedBoothBoxView.swift; sourceTree = "<group>"; };
		0CE839D82BF3A33C003E211D /* TeamView.swift */ = {isa = PBXFileReference; lastKnownFileType = sourcecode.swift; path = TeamView.swift; sourceTree = "<group>"; };
		0CE965032BAD668D00539E8C /* IntroView.swift */ = {isa = PBXFileReference; lastKnownFileType = sourcecode.swift; path = IntroView.swift; sourceTree = "<group>"; };
		0CE965062BAD66BA00539E8C /* StringLiterals.swift */ = {isa = PBXFileReference; lastKnownFileType = sourcecode.swift; path = StringLiterals.swift; sourceTree = "<group>"; };
		0CF092D02BC038C90009B782 /* NavigationHeaderView.swift */ = {isa = PBXFileReference; lastKnownFileType = sourcecode.swift; path = NavigationHeaderView.swift; sourceTree = "<group>"; };
		0CF092D22BC03EC50009B782 /* LikeBoothListView.swift */ = {isa = PBXFileReference; lastKnownFileType = sourcecode.swift; path = LikeBoothListView.swift; sourceTree = "<group>"; };
		0CFA922D2BA2BAB7007F2665 /* AppDelegate.swift */ = {isa = PBXFileReference; lastKnownFileType = sourcecode.swift; path = AppDelegate.swift; sourceTree = "<group>"; };
/* End PBXFileReference section */

/* Begin PBXFrameworksBuildPhase section */
		0C9D0A552BA19DFE00156763 /* Frameworks */ = {
			isa = PBXFrameworksBuildPhase;
			buildActionMask = 2147483647;
			files = (
				0C683ABA2BF8F12C0076ECCF /* FirebaseMessaging in Frameworks */,
				0C683AB82BF8F12C0076ECCF /* FirebaseAnalytics in Frameworks */,
				0C244FD02BF6837C0047F23D /* ConfettiSwiftUI in Frameworks */,
			);
			runOnlyForDeploymentPostprocessing = 0;
		};
/* End PBXFrameworksBuildPhase section */

/* Begin PBXGroup section */
		0C244FD12BF685150047F23D /* Welcome */ = {
			isa = PBXGroup;
			children = (
				0C244FD22BF6851E0047F23D /* WelcomeView.swift */,
			);
			path = Welcome;
			sourceTree = "<group>";
		};
		0C2A2BFC2BE9A86500EDF359 /* Managers */ = {
			isa = PBXGroup;
			children = (
				0C2A2BFD2BE9A87900EDF359 /* APIManager.swift */,
				0C2A2BFF2BE9A8B000EDF359 /* NetworkManager.swift */,
				0C2A2C012BE9A8DB00EDF359 /* UserDataManager.swift */,
				0C7A9CA52BF3E91100F639BA /* GATracker.swift */,
				0C244FCC2BF67E6B0047F23D /* VersionService.swift */,
				0C72FAA92BFA3C4C00782B61 /* ThemeManager.swift */,
			);
			path = Managers;
			sourceTree = "<group>";
		};
		0C4DFCAF2BBEFC1D00CAB98B /* Dialog */ = {
			isa = PBXGroup;
			children = (
				0C4DFCB02BBEFC2B00CAB98B /* NetworkErrorView.swift */,
			);
			path = Dialog;
			sourceTree = "<group>";
		};
		0C8C41812BB25B27002B0634 /* Admin */ = {
			isa = PBXGroup;
			children = (
				0C8C41822BB25B5C002B0634 /* AdminLoginView.swift */,
				0C1A2C6B2BB2718800AD0692 /* AdminMainView.swift */,
			);
			path = Admin;
			sourceTree = "<group>";
		};
		0C9641ED2BB94C8100838DA9 /* Root */ = {
			isa = PBXGroup;
			children = (
				0C9641EE2BB94C8A00838DA9 /* RootView.swift */,
			);
			path = Root;
			sourceTree = "<group>";
		};
		0C9641F02BB94DDD00838DA9 /* Waiting */ = {
			isa = PBXGroup;
			children = (
				0C9641F12BB94DE700838DA9 /* WaitingView.swift */,
			);
			path = Waiting;
			sourceTree = "<group>";
		};
		0C9641F32BB94E7400838DA9 /* Menu */ = {
			isa = PBXGroup;
			children = (
				0C9641F42BB94E7D00838DA9 /* MenuView.swift */,
				0CF092D22BC03EC50009B782 /* LikeBoothListView.swift */,
				0CE839D62BF38FBD003E211D /* LikedBoothBoxView.swift */,
				0CE839D82BF3A33C003E211D /* TeamView.swift */,
			);
			path = Menu;
			sourceTree = "<group>";
		};
		0C9641F62BB94F2F00838DA9 /* ViewModel */ = {
			isa = PBXGroup;
			children = (
				0C9641F82BB94F3D00838DA9 /* RootViewModel.swift */,
			);
			path = ViewModel;
			sourceTree = "<group>";
		};
		0C9D0A4F2BA19DFE00156763 = {
			isa = PBXGroup;
			children = (
				0C9D0A5A2BA19DFE00156763 /* unifest-ios */,
				0C9D0A592BA19DFE00156763 /* Products */,
			);
			sourceTree = "<group>";
		};
		0C9D0A592BA19DFE00156763 /* Products */ = {
			isa = PBXGroup;
			children = (
				0C9D0A582BA19DFE00156763 /* unifest-ios.app */,
			);
			name = Products;
			sourceTree = "<group>";
		};
		0C9D0A5A2BA19DFE00156763 /* unifest-ios */ = {
			isa = PBXGroup;
			children = (
				0CA4E1122BF3EC69000B1B1B /* unifest-ios.entitlements */,
				0CA4E1102BF3EC0A000B1B1B /* GoogleService-Info.plist */,
				0C2A2C032BE9AEA600EDF359 /* Info.plist */,
				0C9641F62BB94F2F00838DA9 /* ViewModel */,
				0CE965082BAD678F00539E8C /* Extensions */,
				0CE965052BAD66AC00539E8C /* Text */,
				0C9D0A6B2BA1A43900156763 /* Models */,
				0C9D0A6A2BA1A43300156763 /* Data */,
				0C9D0A692BA1A42600156763 /* Views */,
				0C9D0A5B2BA19DFE00156763 /* unifest_iosApp.swift */,
				0C9D0A5D2BA19DFE00156763 /* ContentView.swift */,
				0C9D0A5F2BA19DFF00156763 /* Assets.xcassets */,
				0C9D0A612BA19DFF00156763 /* Preview Content */,
				0CFA922D2BA2BAB7007F2665 /* AppDelegate.swift */,
			);
			path = "unifest-ios";
			sourceTree = "<group>";
		};
		0C9D0A612BA19DFF00156763 /* Preview Content */ = {
			isa = PBXGroup;
			children = (
				0C9D0A622BA19DFF00156763 /* Preview Assets.xcassets */,
			);
			path = "Preview Content";
			sourceTree = "<group>";
		};
		0C9D0A692BA1A42600156763 /* Views */ = {
			isa = PBXGroup;
			children = (
				0CF092CF2BC038BD0009B782 /* Views */,
				0C8C41812BB25B27002B0634 /* Admin */,
				0CBB05872BB074ED00EB56BE /* Views */,
				0CE965022BAD664300539E8C /* Intro */,
			);
			path = Views;
			sourceTree = "<group>";
		};
		0C9D0A6A2BA1A43300156763 /* Data */ = {
			isa = PBXGroup;
			children = (
				0CB2170C2BF23E3A0003338B /* FestivalData.swift */,
				0CB2170E2BF23F270003338B /* festivalTest.json */,
				0C7A117D2BF25F25008713B7 /* BoothData.swift */,
				0C7A117F2BF25FDF008713B7 /* boothTest.json */,
			);
			path = Data;
			sourceTree = "<group>";
		};
		0C9D0A6B2BA1A43900156763 /* Models */ = {
			isa = PBXGroup;
			children = (
				0C9D0A6C2BA1A45F00156763 /* MapViewModel.swift */,
			);
			path = Models;
			sourceTree = "<group>";
		};
		0CBB05802BB074ED00EB56BE /* Home */ = {
			isa = PBXGroup;
			children = (
				0C0688B22BC0471500069401 /* CalendarView.swift */,
				0C6523922BC131F00085232D /* HomeView.swift */,
			);
			path = Home;
			sourceTree = "<group>";
		};
		0CBB05822BB074ED00EB56BE /* Intro */ = {
			isa = PBXGroup;
			children = (
				0CBB05812BB074ED00EB56BE /* IntroView.swift */,
			);
			path = Intro;
			sourceTree = "<group>";
		};
		0CBB05862BB074ED00EB56BE /* Map */ = {
			isa = PBXGroup;
			children = (
				0CBB05832BB074ED00EB56BE /* MapPageView.swift */,
				0CBB05842BB074ED00EB56BE /* MapView.swift */,
				0CBB05852BB074ED00EB56BE /* SearchSchoolView.swift */,
				0CDB46D62BB1E7F400C34AED /* OneMapView.swift */,
			);
			path = Map;
			sourceTree = "<group>";
		};
		0CBB05872BB074ED00EB56BE /* Views */ = {
			isa = PBXGroup;
			children = (
				0C244FD12BF685150047F23D /* Welcome */,
				0C4DFCAF2BBEFC1D00CAB98B /* Dialog */,
				0C9641F32BB94E7400838DA9 /* Menu */,
				0C9641F02BB94DDD00838DA9 /* Waiting */,
				0C9641ED2BB94C8100838DA9 /* Root */,
				0CDB46D32BB1DC8300C34AED /* Detail */,
				0CBB05802BB074ED00EB56BE /* Home */,
				0CBB05822BB074ED00EB56BE /* Intro */,
				0CBB05862BB074ED00EB56BE /* Map */,
			);
			name = Views;
			sourceTree = "<group>";
		};
		0CDB46D32BB1DC8300C34AED /* Detail */ = {
			isa = PBXGroup;
			children = (
				0CDB46D42BB1DC8D00C34AED /* DetailView.swift */,
				0C9641EB2BB941F200838DA9 /* WaitingPopupView.swift */,
			);
			path = Detail;
			sourceTree = "<group>";
		};
		0CE965022BAD664300539E8C /* Intro */ = {
			isa = PBXGroup;
			children = (
				0CE965032BAD668D00539E8C /* IntroView.swift */,
			);
			path = Intro;
			sourceTree = "<group>";
		};
		0CE965052BAD66AC00539E8C /* Text */ = {
			isa = PBXGroup;
			children = (
				0CE965062BAD66BA00539E8C /* StringLiterals.swift */,
				0CC40F432BF92A6B002759DF /* MarqueeText.swift */,
			);
			path = Text;
			sourceTree = "<group>";
		};
		0CE965082BAD678F00539E8C /* Extensions */ = {
			isa = PBXGroup;
			children = (
				0C2A2BFC2BE9A86500EDF359 /* Managers */,
				0CE839D42BF2E8CC003E211D /* Extensions.swift */,
				0CC40F412BF9276B002759DF /* View+.swift */,
			);
			name = Extensions;
			path = Text/Extensions;
			sourceTree = "<group>";
		};
		0CF092CF2BC038BD0009B782 /* Views */ = {
			isa = PBXGroup;
			children = (
				0CF092D02BC038C90009B782 /* NavigationHeaderView.swift */,
			);
			path = Views;
			sourceTree = "<group>";
		};
/* End PBXGroup section */

/* Begin PBXNativeTarget section */
		0C9D0A572BA19DFE00156763 /* unifest-ios */ = {
			isa = PBXNativeTarget;
			buildConfigurationList = 0C9D0A662BA19DFF00156763 /* Build configuration list for PBXNativeTarget "unifest-ios" */;
			buildPhases = (
				0C9D0A542BA19DFE00156763 /* Sources */,
				0C9D0A552BA19DFE00156763 /* Frameworks */,
				0C9D0A562BA19DFE00156763 /* Resources */,
			);
			buildRules = (
			);
			dependencies = (
			);
			name = "unifest-ios";
			packageProductDependencies = (
				0C244FCF2BF6837C0047F23D /* ConfettiSwiftUI */,
				0C683AB72BF8F12C0076ECCF /* FirebaseAnalytics */,
				0C683AB92BF8F12C0076ECCF /* FirebaseMessaging */,
			);
			productName = "unifest-ios";
			productReference = 0C9D0A582BA19DFE00156763 /* unifest-ios.app */;
			productType = "com.apple.product-type.application";
		};
/* End PBXNativeTarget section */

/* Begin PBXProject section */
		0C9D0A502BA19DFE00156763 /* Project object */ = {
			isa = PBXProject;
			attributes = {
				BuildIndependentTargetsInParallel = 1;
				LastSwiftUpdateCheck = 1530;
				LastUpgradeCheck = 1530;
				TargetAttributes = {
					0C9D0A572BA19DFE00156763 = {
						CreatedOnToolsVersion = 15.3;
					};
				};
			};
			buildConfigurationList = 0C9D0A532BA19DFE00156763 /* Build configuration list for PBXProject "unifest-ios" */;
			compatibilityVersion = "Xcode 14.0";
			developmentRegion = en;
			hasScannedForEncodings = 0;
			knownRegions = (
				en,
				Base,
			);
			mainGroup = 0C9D0A4F2BA19DFE00156763;
			packageReferences = (
				0C244FCE2BF6837C0047F23D /* XCRemoteSwiftPackageReference "ConfettiSwiftUI" */,
				0C683AB62BF8F12C0076ECCF /* XCRemoteSwiftPackageReference "firebase-ios-sdk" */,
			);
			productRefGroup = 0C9D0A592BA19DFE00156763 /* Products */;
			projectDirPath = "";
			projectRoot = "";
			targets = (
				0C9D0A572BA19DFE00156763 /* unifest-ios */,
			);
		};
/* End PBXProject section */

/* Begin PBXResourcesBuildPhase section */
		0C9D0A562BA19DFE00156763 /* Resources */ = {
			isa = PBXResourcesBuildPhase;
			buildActionMask = 2147483647;
			files = (
				0C9D0A632BA19DFF00156763 /* Preview Assets.xcassets in Resources */,
				0C9D0A602BA19DFF00156763 /* Assets.xcassets in Resources */,
				0CA4E1112BF3EC0A000B1B1B /* GoogleService-Info.plist in Resources */,
				0C7A11802BF25FDF008713B7 /* boothTest.json in Resources */,
				0CB2170F2BF23F270003338B /* festivalTest.json in Resources */,
			);
			runOnlyForDeploymentPostprocessing = 0;
		};
/* End PBXResourcesBuildPhase section */

/* Begin PBXSourcesBuildPhase section */
		0C9D0A542BA19DFE00156763 /* Sources */ = {
			isa = PBXSourcesBuildPhase;
			buildActionMask = 2147483647;
			files = (
				0C7A117E2BF25F25008713B7 /* BoothData.swift in Sources */,
				0C6523932BC131F00085232D /* HomeView.swift in Sources */,
				0CF092D32BC03EC50009B782 /* LikeBoothListView.swift in Sources */,
				0C2A2C022BE9A8DB00EDF359 /* UserDataManager.swift in Sources */,
				0CE965042BAD668D00539E8C /* IntroView.swift in Sources */,
				0C9D0A5E2BA19DFE00156763 /* ContentView.swift in Sources */,
				0C9641F92BB94F3D00838DA9 /* RootViewModel.swift in Sources */,
				0C9641F22BB94DE700838DA9 /* WaitingView.swift in Sources */,
				0C244FD32BF6851E0047F23D /* WelcomeView.swift in Sources */,
				0CDB46D72BB1E7F400C34AED /* OneMapView.swift in Sources */,
				0C9641EF2BB94C8A00838DA9 /* RootView.swift in Sources */,
				0CDB46D52BB1DC8D00C34AED /* DetailView.swift in Sources */,
				0C9641F52BB94E7D00838DA9 /* MenuView.swift in Sources */,
				0CF092D12BC038C90009B782 /* NavigationHeaderView.swift in Sources */,
				0CBB058C2BB074ED00EB56BE /* MapView.swift in Sources */,
				0C2A2C002BE9A8B000EDF359 /* NetworkManager.swift in Sources */,
				0CB2170D2BF23E3A0003338B /* FestivalData.swift in Sources */,
				0C0688B32BC0471500069401 /* CalendarView.swift in Sources */,
				0CE965072BAD66BA00539E8C /* StringLiterals.swift in Sources */,
				0C1A2C6C2BB2718800AD0692 /* AdminMainView.swift in Sources */,
				0CE965042BAD668D00539E8C /* IntroView.swift in Sources */,
				0C9D0A5C2BA19DFE00156763 /* unifest_iosApp.swift in Sources */,
				0CE839D72BF38FBD003E211D /* LikedBoothBoxView.swift in Sources */,
				0C4DFCB12BBEFC2B00CAB98B /* NetworkErrorView.swift in Sources */,
				0CC40F442BF92A6B002759DF /* MarqueeText.swift in Sources */,
				0C2A2BFE2BE9A87900EDF359 /* APIManager.swift in Sources */,
				0CC40F422BF9276B002759DF /* View+.swift in Sources */,
				0CFA922E2BA2BAB7007F2665 /* AppDelegate.swift in Sources */,
				0C244FCD2BF67E6B0047F23D /* VersionService.swift in Sources */,
				0CBB058A2BB074ED00EB56BE /* IntroView.swift in Sources */,
				0C8C41832BB25B5C002B0634 /* AdminLoginView.swift in Sources */,
				0CBB058B2BB074ED00EB56BE /* MapPageView.swift in Sources */,
				0C72FAAA2BFA3C4C00782B61 /* ThemeManager.swift in Sources */,
				0CBB058D2BB074ED00EB56BE /* SearchSchoolView.swift in Sources */,
				0C9D0A6D2BA1A45F00156763 /* MapViewModel.swift in Sources */,
				0C7A9CA62BF3E91100F639BA /* GATracker.swift in Sources */,
				0CE839D52BF2E8CC003E211D /* Extensions.swift in Sources */,
				0C9641EC2BB941F200838DA9 /* WaitingPopupView.swift in Sources */,
				0CE839D92BF3A33C003E211D /* TeamView.swift in Sources */,
			);
			runOnlyForDeploymentPostprocessing = 0;
		};
/* End PBXSourcesBuildPhase section */

/* Begin XCBuildConfiguration section */
		0C9D0A642BA19DFF00156763 /* Debug */ = {
			isa = XCBuildConfiguration;
			buildSettings = {
				ALWAYS_SEARCH_USER_PATHS = NO;
				ASSETCATALOG_COMPILER_GENERATE_SWIFT_ASSET_SYMBOL_EXTENSIONS = YES;
				CLANG_ANALYZER_NONNULL = YES;
				CLANG_ANALYZER_NUMBER_OBJECT_CONVERSION = YES_AGGRESSIVE;
				CLANG_CXX_LANGUAGE_STANDARD = "gnu++20";
				CLANG_ENABLE_MODULES = YES;
				CLANG_ENABLE_OBJC_ARC = YES;
				CLANG_ENABLE_OBJC_WEAK = YES;
				CLANG_WARN_BLOCK_CAPTURE_AUTORELEASING = YES;
				CLANG_WARN_BOOL_CONVERSION = YES;
				CLANG_WARN_COMMA = YES;
				CLANG_WARN_CONSTANT_CONVERSION = YES;
				CLANG_WARN_DEPRECATED_OBJC_IMPLEMENTATIONS = YES;
				CLANG_WARN_DIRECT_OBJC_ISA_USAGE = YES_ERROR;
				CLANG_WARN_DOCUMENTATION_COMMENTS = YES;
				CLANG_WARN_EMPTY_BODY = YES;
				CLANG_WARN_ENUM_CONVERSION = YES;
				CLANG_WARN_INFINITE_RECURSION = YES;
				CLANG_WARN_INT_CONVERSION = YES;
				CLANG_WARN_NON_LITERAL_NULL_CONVERSION = YES;
				CLANG_WARN_OBJC_IMPLICIT_RETAIN_SELF = YES;
				CLANG_WARN_OBJC_LITERAL_CONVERSION = YES;
				CLANG_WARN_OBJC_ROOT_CLASS = YES_ERROR;
				CLANG_WARN_QUOTED_INCLUDE_IN_FRAMEWORK_HEADER = YES;
				CLANG_WARN_RANGE_LOOP_ANALYSIS = YES;
				CLANG_WARN_STRICT_PROTOTYPES = YES;
				CLANG_WARN_SUSPICIOUS_MOVE = YES;
				CLANG_WARN_UNGUARDED_AVAILABILITY = YES_AGGRESSIVE;
				CLANG_WARN_UNREACHABLE_CODE = YES;
				CLANG_WARN__DUPLICATE_METHOD_MATCH = YES;
				COPY_PHASE_STRIP = NO;
				DEBUG_INFORMATION_FORMAT = dwarf;
				ENABLE_STRICT_OBJC_MSGSEND = YES;
				ENABLE_TESTABILITY = YES;
				ENABLE_USER_SCRIPT_SANDBOXING = YES;
				GCC_C_LANGUAGE_STANDARD = gnu17;
				GCC_DYNAMIC_NO_PIC = NO;
				GCC_NO_COMMON_BLOCKS = YES;
				GCC_OPTIMIZATION_LEVEL = 0;
				GCC_PREPROCESSOR_DEFINITIONS = (
					"DEBUG=1",
					"$(inherited)",
				);
				GCC_WARN_64_TO_32_BIT_CONVERSION = YES;
				GCC_WARN_ABOUT_RETURN_TYPE = YES_ERROR;
				GCC_WARN_UNDECLARED_SELECTOR = YES;
				GCC_WARN_UNINITIALIZED_AUTOS = YES_AGGRESSIVE;
				GCC_WARN_UNUSED_FUNCTION = YES;
				GCC_WARN_UNUSED_VARIABLE = YES;
				IPHONEOS_DEPLOYMENT_TARGET = 17.4;
				LOCALIZATION_PREFERS_STRING_CATALOGS = YES;
				MTL_ENABLE_DEBUG_INFO = INCLUDE_SOURCE;
				MTL_FAST_MATH = YES;
				ONLY_ACTIVE_ARCH = YES;
				SDKROOT = iphoneos;
				SWIFT_ACTIVE_COMPILATION_CONDITIONS = "DEBUG $(inherited)";
				SWIFT_OPTIMIZATION_LEVEL = "-Onone";
			};
			name = Debug;
		};
		0C9D0A652BA19DFF00156763 /* Release */ = {
			isa = XCBuildConfiguration;
			buildSettings = {
				ALWAYS_SEARCH_USER_PATHS = NO;
				ASSETCATALOG_COMPILER_GENERATE_SWIFT_ASSET_SYMBOL_EXTENSIONS = YES;
				CLANG_ANALYZER_NONNULL = YES;
				CLANG_ANALYZER_NUMBER_OBJECT_CONVERSION = YES_AGGRESSIVE;
				CLANG_CXX_LANGUAGE_STANDARD = "gnu++20";
				CLANG_ENABLE_MODULES = YES;
				CLANG_ENABLE_OBJC_ARC = YES;
				CLANG_ENABLE_OBJC_WEAK = YES;
				CLANG_WARN_BLOCK_CAPTURE_AUTORELEASING = YES;
				CLANG_WARN_BOOL_CONVERSION = YES;
				CLANG_WARN_COMMA = YES;
				CLANG_WARN_CONSTANT_CONVERSION = YES;
				CLANG_WARN_DEPRECATED_OBJC_IMPLEMENTATIONS = YES;
				CLANG_WARN_DIRECT_OBJC_ISA_USAGE = YES_ERROR;
				CLANG_WARN_DOCUMENTATION_COMMENTS = YES;
				CLANG_WARN_EMPTY_BODY = YES;
				CLANG_WARN_ENUM_CONVERSION = YES;
				CLANG_WARN_INFINITE_RECURSION = YES;
				CLANG_WARN_INT_CONVERSION = YES;
				CLANG_WARN_NON_LITERAL_NULL_CONVERSION = YES;
				CLANG_WARN_OBJC_IMPLICIT_RETAIN_SELF = YES;
				CLANG_WARN_OBJC_LITERAL_CONVERSION = YES;
				CLANG_WARN_OBJC_ROOT_CLASS = YES_ERROR;
				CLANG_WARN_QUOTED_INCLUDE_IN_FRAMEWORK_HEADER = YES;
				CLANG_WARN_RANGE_LOOP_ANALYSIS = YES;
				CLANG_WARN_STRICT_PROTOTYPES = YES;
				CLANG_WARN_SUSPICIOUS_MOVE = YES;
				CLANG_WARN_UNGUARDED_AVAILABILITY = YES_AGGRESSIVE;
				CLANG_WARN_UNREACHABLE_CODE = YES;
				CLANG_WARN__DUPLICATE_METHOD_MATCH = YES;
				COPY_PHASE_STRIP = NO;
				DEBUG_INFORMATION_FORMAT = "dwarf-with-dsym";
				ENABLE_NS_ASSERTIONS = NO;
				ENABLE_STRICT_OBJC_MSGSEND = YES;
				ENABLE_USER_SCRIPT_SANDBOXING = YES;
				GCC_C_LANGUAGE_STANDARD = gnu17;
				GCC_NO_COMMON_BLOCKS = YES;
				GCC_WARN_64_TO_32_BIT_CONVERSION = YES;
				GCC_WARN_ABOUT_RETURN_TYPE = YES_ERROR;
				GCC_WARN_UNDECLARED_SELECTOR = YES;
				GCC_WARN_UNINITIALIZED_AUTOS = YES_AGGRESSIVE;
				GCC_WARN_UNUSED_FUNCTION = YES;
				GCC_WARN_UNUSED_VARIABLE = YES;
				IPHONEOS_DEPLOYMENT_TARGET = 17.4;
				LOCALIZATION_PREFERS_STRING_CATALOGS = YES;
				MTL_ENABLE_DEBUG_INFO = NO;
				MTL_FAST_MATH = YES;
				SDKROOT = iphoneos;
				SWIFT_COMPILATION_MODE = wholemodule;
				VALIDATE_PRODUCT = YES;
			};
			name = Release;
		};
		0C9D0A672BA19DFF00156763 /* Debug */ = {
			isa = XCBuildConfiguration;
			buildSettings = {
				ASSETCATALOG_COMPILER_APPICON_NAME = AppIcon;
				ASSETCATALOG_COMPILER_GLOBAL_ACCENT_COLOR_NAME = AccentColor;
				CODE_SIGN_ENTITLEMENTS = "unifest-ios/unifest-ios.entitlements";
				CODE_SIGN_STYLE = Automatic;
				CURRENT_PROJECT_VERSION = 1;
				DEVELOPMENT_ASSET_PATHS = "\"unifest-ios/Preview Content\"";
				DEVELOPMENT_TEAM = NCLJJYF4QS;
				ENABLE_PREVIEWS = YES;
				GENERATE_INFOPLIST_FILE = YES;
				INFOPLIST_FILE = "unifest-ios/Info.plist";
				INFOPLIST_KEY_CFBundleDisplayName = "유니페스";
				INFOPLIST_KEY_LSApplicationCategoryType = "public.app-category.lifestyle";
				INFOPLIST_KEY_NSLocationWhenInUseUsageDescription = "앱은 사용자의 위치 정보를 사용하여 지도 상의 내 위치를 확인하고 가까운 부스를 찾을 수 있습니다. 이를 통해 사용자와 가까운 상점 추천 및 거리 기반 서비스 제공이 가능합니다. 위치 정보는 서버로 수집되지 않으며, 언제든 메뉴에서 철회할 수 있습니다.";
				INFOPLIST_KEY_UIApplicationSceneManifest_Generation = YES;
				INFOPLIST_KEY_UIApplicationSupportsIndirectInputEvents = YES;
				INFOPLIST_KEY_UIStatusBarStyle = "";
				INFOPLIST_KEY_UISupportedInterfaceOrientations = UIInterfaceOrientationPortrait;
				INFOPLIST_KEY_UISupportedInterfaceOrientations_iPad = "UIInterfaceOrientationLandscapeLeft UIInterfaceOrientationLandscapeRight UIInterfaceOrientationPortrait UIInterfaceOrientationPortraitUpsideDown";
				IPHONEOS_DEPLOYMENT_TARGET = 16.0;
				LD_RUNPATH_SEARCH_PATHS = (
					"$(inherited)",
					"@executable_path/Frameworks",
				);
				MARKETING_VERSION = 1.2;
				PRODUCT_BUNDLE_IDENTIFIER = "com.hoeunlee228.unifest-ios";
				PRODUCT_NAME = "$(TARGET_NAME)";
				SUPPORTED_PLATFORMS = "iphoneos iphonesimulator";
				SUPPORTS_MACCATALYST = NO;
				SUPPORTS_MAC_DESIGNED_FOR_IPHONE_IPAD = NO;
				SUPPORTS_XR_DESIGNED_FOR_IPHONE_IPAD = NO;
				SWIFT_EMIT_LOC_STRINGS = YES;
				SWIFT_VERSION = 5.0;
				TARGETED_DEVICE_FAMILY = 1;
			};
			name = Debug;
		};
		0C9D0A682BA19DFF00156763 /* Release */ = {
			isa = XCBuildConfiguration;
			buildSettings = {
				ASSETCATALOG_COMPILER_APPICON_NAME = AppIcon;
				ASSETCATALOG_COMPILER_GLOBAL_ACCENT_COLOR_NAME = AccentColor;
				CODE_SIGN_ENTITLEMENTS = "unifest-ios/unifest-ios.entitlements";
				CODE_SIGN_STYLE = Automatic;
				CURRENT_PROJECT_VERSION = 1;
				DEVELOPMENT_ASSET_PATHS = "\"unifest-ios/Preview Content\"";
				DEVELOPMENT_TEAM = NCLJJYF4QS;
				ENABLE_PREVIEWS = YES;
				GENERATE_INFOPLIST_FILE = YES;
				INFOPLIST_FILE = "unifest-ios/Info.plist";
				INFOPLIST_KEY_CFBundleDisplayName = "유니페스";
				INFOPLIST_KEY_LSApplicationCategoryType = "public.app-category.lifestyle";
				INFOPLIST_KEY_NSLocationWhenInUseUsageDescription = "앱은 사용자의 위치 정보를 사용하여 지도 상의 내 위치를 확인하고 가까운 부스를 찾을 수 있습니다. 이를 통해 사용자와 가까운 상점 추천 및 거리 기반 서비스 제공이 가능합니다. 위치 정보는 서버로 수집되지 않으며, 언제든 메뉴에서 철회할 수 있습니다.";
				INFOPLIST_KEY_UIApplicationSceneManifest_Generation = YES;
				INFOPLIST_KEY_UIApplicationSupportsIndirectInputEvents = YES;
				INFOPLIST_KEY_UIStatusBarStyle = "";
				INFOPLIST_KEY_UISupportedInterfaceOrientations = UIInterfaceOrientationPortrait;
				INFOPLIST_KEY_UISupportedInterfaceOrientations_iPad = "UIInterfaceOrientationLandscapeLeft UIInterfaceOrientationLandscapeRight UIInterfaceOrientationPortrait UIInterfaceOrientationPortraitUpsideDown";
				IPHONEOS_DEPLOYMENT_TARGET = 16.0;
				LD_RUNPATH_SEARCH_PATHS = (
					"$(inherited)",
					"@executable_path/Frameworks",
				);
				MARKETING_VERSION = 1.2;
				PRODUCT_BUNDLE_IDENTIFIER = "com.hoeunlee228.unifest-ios";
				PRODUCT_NAME = "$(TARGET_NAME)";
				SUPPORTED_PLATFORMS = "iphoneos iphonesimulator";
				SUPPORTS_MACCATALYST = NO;
				SUPPORTS_MAC_DESIGNED_FOR_IPHONE_IPAD = NO;
				SUPPORTS_XR_DESIGNED_FOR_IPHONE_IPAD = NO;
				SWIFT_EMIT_LOC_STRINGS = YES;
				SWIFT_VERSION = 5.0;
				TARGETED_DEVICE_FAMILY = 1;
			};
			name = Release;
		};
/* End XCBuildConfiguration section */

/* Begin XCConfigurationList section */
		0C9D0A532BA19DFE00156763 /* Build configuration list for PBXProject "unifest-ios" */ = {
			isa = XCConfigurationList;
			buildConfigurations = (
				0C9D0A642BA19DFF00156763 /* Debug */,
				0C9D0A652BA19DFF00156763 /* Release */,
			);
			defaultConfigurationIsVisible = 0;
			defaultConfigurationName = Release;
		};
		0C9D0A662BA19DFF00156763 /* Build configuration list for PBXNativeTarget "unifest-ios" */ = {
			isa = XCConfigurationList;
			buildConfigurations = (
				0C9D0A672BA19DFF00156763 /* Debug */,
				0C9D0A682BA19DFF00156763 /* Release */,
			);
			defaultConfigurationIsVisible = 0;
			defaultConfigurationName = Release;
		};
/* End XCConfigurationList section */

/* Begin XCRemoteSwiftPackageReference section */
		0C244FCE2BF6837C0047F23D /* XCRemoteSwiftPackageReference "ConfettiSwiftUI" */ = {
			isa = XCRemoteSwiftPackageReference;
			repositoryURL = "https://github.com/simibac/ConfettiSwiftUI.git";
			requirement = {
				branch = master;
				kind = branch;
			};
		};
		0C683AB62BF8F12C0076ECCF /* XCRemoteSwiftPackageReference "firebase-ios-sdk" */ = {
			isa = XCRemoteSwiftPackageReference;
			repositoryURL = "https://github.com/firebase/firebase-ios-sdk";
			requirement = {
				kind = upToNextMajorVersion;
				minimumVersion = 10.26.0;
			};
		};
/* End XCRemoteSwiftPackageReference section */

/* Begin XCSwiftPackageProductDependency section */
		0C244FCF2BF6837C0047F23D /* ConfettiSwiftUI */ = {
			isa = XCSwiftPackageProductDependency;
			package = 0C244FCE2BF6837C0047F23D /* XCRemoteSwiftPackageReference "ConfettiSwiftUI" */;
			productName = ConfettiSwiftUI;
		};
		0C683AB72BF8F12C0076ECCF /* FirebaseAnalytics */ = {
			isa = XCSwiftPackageProductDependency;
			package = 0C683AB62BF8F12C0076ECCF /* XCRemoteSwiftPackageReference "firebase-ios-sdk" */;
			productName = FirebaseAnalytics;
		};
		0C683AB92BF8F12C0076ECCF /* FirebaseMessaging */ = {
			isa = XCSwiftPackageProductDependency;
			package = 0C683AB62BF8F12C0076ECCF /* XCRemoteSwiftPackageReference "firebase-ios-sdk" */;
			productName = FirebaseMessaging;
		};
/* End XCSwiftPackageProductDependency section */
	};
	rootObject = 0C9D0A502BA19DFE00156763 /* Project object */;
}
